
Microsoft Visual Studio Solution File, Format Version 12.00
# Visual Studio Version 16
VisualStudioVersion = 16.0.30114.105
MinimumVisualStudioVersion = 10.0.40219.1
Project("{FAE04EC0-301F-11D3-BF4B-00C04F79EFBC}") = "R5T.S0030", "R5T.S0030\R5T.S0030.csproj", "{50599D62-E5AF-4866-AC3B-B02D7F375081}"
EndProject
Project("{FAE04EC0-301F-11D3-BF4B-00C04F79EFBC}") = "R5T.S0030.Library", "R5T.S0030.Library\R5T.S0030.Library.csproj", "{1E26D832-5B55-4FFA-A6C9-022789518042}"
EndProject
Project("{2150E333-8FDC-42A3-9474-1A3956D46DE8}") = "_Dependencies", "_Dependencies", "{69CE647F-A1C8-4C5C-B864-9C5E0C78E5DD}"
EndProject
Project("{FAE04EC0-301F-11D3-BF4B-00C04F79EFBC}") = "R5T.D0076.Base", "..\..\R5T.D0076\source\R5T.D0076.Base\R5T.D0076.Base.csproj", "{91F0640D-9CCF-46A0-987E-2189187DF790}"
EndProject
Project("{FAE04EC0-301F-11D3-BF4B-00C04F79EFBC}") = "R5T.D0077.A002", "..\..\R5T.D0077\source\R5T.D0077.A002\R5T.D0077.A002.csproj", "{DD3B1E08-129A-4948-B006-E25356AD8BEB}"
EndProject
Project("{FAE04EC0-301F-11D3-BF4B-00C04F79EFBC}") = "R5T.D0077.Base", "..\..\R5T.D0077\source\R5T.D0077.Base\R5T.D0077.Base.csproj", "{12E7C18A-6CDD-4F74-8CB0-0A21C77A64D3}"
EndProject
Project("{FAE04EC0-301F-11D3-BF4B-00C04F79EFBC}") = "R5T.D0077.Default.I001", "..\..\R5T.D0077\source\R5T.D0077.Default.I001\R5T.D0077.Default.I001.csproj", "{878A7271-072B-4914-9010-D8E616DB2DC3}"
EndProject
Project("{FAE04EC0-301F-11D3-BF4B-00C04F79EFBC}") = "R5T.D0077.Default", "..\..\R5T.D0077\source\R5T.D0077.Default\R5T.D0077.Default.csproj", "{4BB60053-A50F-4A87-AE0F-B5EFC6ECD86F}"
EndProject
Project("{FAE04EC0-301F-11D3-BF4B-00C04F79EFBC}") = "R5T.D0077.New", "..\..\R5T.D0077\source\R5T.D0077.New\R5T.D0077.New.csproj", "{14202201-1BC3-40AD-98DB-80816B5F9477}"
EndProject
Project("{FAE04EC0-301F-11D3-BF4B-00C04F79EFBC}") = "R5T.D0077.X001", "..\..\R5T.D0077\source\R5T.D0077.X001\R5T.D0077.X001.csproj", "{5143F742-4A54-4C8F-A9DD-3C217BDC146A}"
EndProject
Project("{FAE04EC0-301F-11D3-BF4B-00C04F79EFBC}") = "R5T.D0078.A002", "..\..\R5T.D0078\source\R5T.D0078.A002\R5T.D0078.A002.csproj", "{8FDDF16F-3874-4AA1-B921-C26A4E6406DE}"
EndProject
Project("{FAE04EC0-301F-11D3-BF4B-00C04F79EFBC}") = "R5T.D0078.Base", "..\..\R5T.D0078\source\R5T.D0078.Base\R5T.D0078.Base.csproj", "{961D73F9-CB85-4ABD-BA0A-98EBCA2A965E}"
EndProject
Project("{FAE04EC0-301F-11D3-BF4B-00C04F79EFBC}") = "R5T.D0078.Default", "..\..\R5T.D0078\source\R5T.D0078.Default\R5T.D0078.Default.csproj", "{0147A993-FE92-4C40-B4EB-924F5344E31B}"
EndProject
Project("{FAE04EC0-301F-11D3-BF4B-00C04F79EFBC}") = "R5T.D0078.T0032", "..\..\R5T.D0078\source\R5T.D0078.T0032\R5T.D0078.T0032.csproj", "{6FF755E7-1668-45A7-AD2F-0164FC4D356C}"
EndProject
Project("{FAE04EC0-301F-11D3-BF4B-00C04F79EFBC}") = "R5T.D0079.A002", "..\..\R5T.D0079\source\R5T.D0079.A002\R5T.D0079.A002.csproj", "{787BB7C5-DEC7-441C-8C34-9CB2EDD2B0D8}"
EndProject
Project("{FAE04EC0-301F-11D3-BF4B-00C04F79EFBC}") = "R5T.D0079.Base", "..\..\R5T.D0079\source\R5T.D0079.Base\R5T.D0079.Base.csproj", "{4C08BD91-AC79-4844-98E0-07A5D4D58047}"
EndProject
Project("{FAE04EC0-301F-11D3-BF4B-00C04F79EFBC}") = "R5T.D0079.Default", "..\..\R5T.D0079\source\R5T.D0079.Default\R5T.D0079.Default.csproj", "{5FE02156-B7AC-435E-BEA4-3B201818FFF9}"
EndProject
Project("{FAE04EC0-301F-11D3-BF4B-00C04F79EFBC}") = "R5T.D0079.T0032", "..\..\R5T.D0079\source\R5T.D0079.T0032\R5T.D0079.T0032.csproj", "{B6910C39-8000-4F30-B8D1-311C2FE79DF9}"
EndProject
Project("{FAE04EC0-301F-11D3-BF4B-00C04F79EFBC}") = "R5T.D0083.Base", "..\..\R5T.D0083\source\R5T.D0083.Base\R5T.D0083.Base.csproj", "{F636557C-8496-44EB-9E6A-D31A4418595B}"
EndProject
Project("{FAE04EC0-301F-11D3-BF4B-00C04F79EFBC}") = "R5T.D0083.I001", "..\..\R5T.D0083\source\R5T.D0083.I001\R5T.D0083.I001.csproj", "{F6052419-DF72-4722-A82D-C813663AA41D}"
EndProject
Project("{FAE04EC0-301F-11D3-BF4B-00C04F79EFBC}") = "R5T.D0100.Base", "..\..\R5T.D0100\source\R5T.D0100.Base\R5T.D0100.Base.csproj", "{150466DF-4865-4968-92B8-E28630B7AF05}"
EndProject
Project("{FAE04EC0-301F-11D3-BF4B-00C04F79EFBC}") = "R5T.D0101.I0001", "..\..\R5T.D0101.I0001\source\R5T.D0101.I0001\R5T.D0101.I0001.csproj", "{7227ED36-1EE0-4E9B-8330-6014E1CAF072}"
EndProject
Project("{FAE04EC0-301F-11D3-BF4B-00C04F79EFBC}") = "R5T.D0101.Base", "..\..\R5T.D0101\source\R5T.D0101.Base\R5T.D0101.Base.csproj", "{C4044F96-79EB-4BE5-9D6B-64538026C32F}"
EndProject
Project("{FAE04EC0-301F-11D3-BF4B-00C04F79EFBC}") = "R5T.D0101.I001", "..\..\R5T.D0101\source\R5T.D0101.I001\R5T.D0101.I001.csproj", "{A7BBE6A1-6346-486C-9638-1A1FA8CF33DF}"
EndProject
Project("{FAE04EC0-301F-11D3-BF4B-00C04F79EFBC}") = "R5T.D0101.X001", "..\..\R5T.D0101\source\R5T.D0101.X001\R5T.D0101.X001.csproj", "{A9D31975-0403-413D-A9DC-B18878D370CE}"
EndProject
Project("{FAE04EC0-301F-11D3-BF4B-00C04F79EFBC}") = "R5T.Dacia.Extensions", "..\..\R5T.Dacia.Extensions\source\R5T.Dacia.Extensions\R5T.Dacia.Extensions.csproj", "{B9C1B06F-BA49-4346-A202-568622BCFB90}"
EndProject
Project("{FAE04EC0-301F-11D3-BF4B-00C04F79EFBC}") = "R5T.Dacia", "..\..\R5T.Dacia\source\R5T.Dacia\R5T.Dacia.csproj", "{F4D26AD0-9633-45DF-B8F2-3263781ADB54}"
EndProject
Project("{FAE04EC0-301F-11D3-BF4B-00C04F79EFBC}") = "R5T.L0013", "..\..\R5T.L0013\source\R5T.L0013\R5T.L0013.csproj", "{43B0A7E0-FF4C-42A8-BDC9-80985617DBFC}"
EndProject
Project("{FAE04EC0-301F-11D3-BF4B-00C04F79EFBC}") = "R5T.L0019.X001", "..\..\R5T.L0019\source\R5T.L0019.X001\R5T.L0019.X001.csproj", "{042890CF-B0E4-49E9-ABB1-0BA67F76D678}"
EndProject
Project("{FAE04EC0-301F-11D3-BF4B-00C04F79EFBC}") = "R5T.L0019", "..\..\R5T.L0019\source\R5T.L0019\R5T.L0019.csproj", "{34D0452E-407D-475A-AE82-1CD4A9292911}"
EndProject
Project("{FAE04EC0-301F-11D3-BF4B-00C04F79EFBC}") = "R5T.Lombardy.Base", "..\..\R5T.Lombardy.Base\source\R5T.Lombardy.Base\R5T.Lombardy.Base.csproj", "{6E36B171-39ED-4A8D-A5F3-9C82C47CDA65}"
EndProject
Project("{FAE04EC0-301F-11D3-BF4B-00C04F79EFBC}") = "R5T.Magyar", "..\..\R5T.Magyar\source\R5T.Magyar\R5T.Magyar.csproj", "{F99D7D97-446C-44E9-BB36-7512B408F10C}"
EndProject
Project("{FAE04EC0-301F-11D3-BF4B-00C04F79EFBC}") = "R5T.Suebia.Base", "..\..\R5T.Suebia\source\R5T.Suebia.Base\R5T.Suebia.Base.csproj", "{05BADE70-F24A-45C7-B371-152959966777}"
EndProject
Project("{FAE04EC0-301F-11D3-BF4B-00C04F79EFBC}") = "R5T.T0021", "..\..\R5T.T0021\source\R5T.T0021\R5T.T0021.csproj", "{EB4D6373-A195-4D0D-A2E2-842D674495DC}"
EndProject
Project("{FAE04EC0-301F-11D3-BF4B-00C04F79EFBC}") = "R5T.T0028.Abstractions", "..\..\R5T.T0028\source\R5T.T0028.Abstractions\R5T.T0028.Abstractions.csproj", "{F65C27D3-91AB-440F-BB13-D1302E645374}"
EndProject
Project("{FAE04EC0-301F-11D3-BF4B-00C04F79EFBC}") = "R5T.T0028.X001", "..\..\R5T.T0028\source\R5T.T0028.X001\R5T.T0028.X001.csproj", "{67CB6992-0044-44DC-A6FE-3181BF0D0A04}"
EndProject
Project("{FAE04EC0-301F-11D3-BF4B-00C04F79EFBC}") = "R5T.T0028", "..\..\R5T.T0028\source\R5T.T0028\R5T.T0028.csproj", "{EC359013-DE93-469F-9179-8F68832A6896}"
EndProject
Project("{FAE04EC0-301F-11D3-BF4B-00C04F79EFBC}") = "R5T.T0029.Dotnet.Add", "..\..\R5T.T0029.Dotnet\source\R5T.T0029.Dotnet.Add\R5T.T0029.Dotnet.Add.csproj", "{A812FE6B-F25A-4207-9B0F-18E688C07B35}"
EndProject
Project("{FAE04EC0-301F-11D3-BF4B-00C04F79EFBC}") = "R5T.T0029.Dotnet.New", "..\..\R5T.T0029.Dotnet\source\R5T.T0029.Dotnet.New\R5T.T0029.Dotnet.New.csproj", "{A91F3B46-B202-4484-BBB9-CA006C8F17BA}"
EndProject
Project("{FAE04EC0-301F-11D3-BF4B-00C04F79EFBC}") = "R5T.T0029.Dotnet.T001", "..\..\R5T.T0029.Dotnet\source\R5T.T0029.Dotnet.T001\R5T.T0029.Dotnet.T001.csproj", "{C6F129DA-7807-4914-B593-E12F4DC3F4B6}"
EndProject
Project("{FAE04EC0-301F-11D3-BF4B-00C04F79EFBC}") = "R5T.T0029.Dotnet.X001", "..\..\R5T.T0029.Dotnet\source\R5T.T0029.Dotnet.X001\R5T.T0029.Dotnet.X001.csproj", "{1A989D3E-44EA-4045-9927-62D159CC4528}"
EndProject
Project("{FAE04EC0-301F-11D3-BF4B-00C04F79EFBC}") = "R5T.T0029.Dotnet", "..\..\R5T.T0029.Dotnet\source\R5T.T0029.Dotnet\R5T.T0029.Dotnet.csproj", "{55A39D38-2E56-42F3-9D51-A92B564FAFF7}"
EndProject
Project("{FAE04EC0-301F-11D3-BF4B-00C04F79EFBC}") = "R5T.T0029.Abstractions", "..\..\R5T.T0029\source\R5T.T0029.Abstractions\R5T.T0029.Abstractions.csproj", "{0B0A9F6A-CECA-410E-B640-F0232F8EDDAF}"
EndProject
Project("{FAE04EC0-301F-11D3-BF4B-00C04F79EFBC}") = "R5T.T0029", "..\..\R5T.T0029\source\R5T.T0029\R5T.T0029.csproj", "{2133C158-C79C-4F58-A8E9-82ABB89F889A}"
EndProject
Project("{FAE04EC0-301F-11D3-BF4B-00C04F79EFBC}") = "R5T.T0032", "..\..\R5T.T0032\source\R5T.T0032\R5T.T0032.csproj", "{EF68283D-0C83-460F-8B66-1B3D5723F7ED}"
EndProject
Project("{FAE04EC0-301F-11D3-BF4B-00C04F79EFBC}") = "R5T.T0039.T002", "..\..\R5T.T0039\source\R5T.T0039.T002\R5T.T0039.T002.csproj", "{0BB6AF87-D519-473A-AFBE-3D06D2E97E8A}"
EndProject
Project("{FAE04EC0-301F-11D3-BF4B-00C04F79EFBC}") = "R5T.T0042.X001", "..\..\R5T.T0042\source\R5T.T0042.X001\R5T.T0042.X001.csproj", "{A8FA1018-A8B6-43AD-9003-BB9D09CA1690}"
EndProject
Project("{FAE04EC0-301F-11D3-BF4B-00C04F79EFBC}") = "R5T.T0042", "..\..\R5T.T0042\source\R5T.T0042\R5T.T0042.csproj", "{188D7DA3-F4EC-4D0D-8B44-D0D951210946}"
EndProject
Project("{FAE04EC0-301F-11D3-BF4B-00C04F79EFBC}") = "R5T.T0044.X001", "..\..\R5T.T0044\source\R5T.T0044.X001\R5T.T0044.X001.csproj", "{A77EDAF6-C898-4369-94D4-A345C005C768}"
EndProject
Project("{FAE04EC0-301F-11D3-BF4B-00C04F79EFBC}") = "R5T.T0044", "..\..\R5T.T0044\source\R5T.T0044\R5T.T0044.csproj", "{04250F95-E605-46C6-BAEF-C49AA1043172}"
EndProject
Project("{FAE04EC0-301F-11D3-BF4B-00C04F79EFBC}") = "R5T.T0055.X001", "..\..\R5T.T0055\source\R5T.T0055.X001\R5T.T0055.X001.csproj", "{66E734FB-5266-4832-A7C8-C0848DEDD535}"
EndProject
Project("{FAE04EC0-301F-11D3-BF4B-00C04F79EFBC}") = "R5T.T0055", "..\..\R5T.T0055\source\R5T.T0055\R5T.T0055.csproj", "{33206850-46D5-40D1-B164-3B246280B3A1}"
EndProject
Project("{FAE04EC0-301F-11D3-BF4B-00C04F79EFBC}") = "R5T.T0057.X002", "..\..\R5T.T0057\source\R5T.T0057.X002\R5T.T0057.X002.csproj", "{4D8B52A4-5DAB-4945-A6BD-311E181256F6}"
EndProject
Project("{FAE04EC0-301F-11D3-BF4B-00C04F79EFBC}") = "R5T.T0057", "..\..\R5T.T0057\source\R5T.T0057\R5T.T0057.csproj", "{629C527E-FFBC-4B74-9674-10D6A5E8FEC6}"
EndProject
Project("{FAE04EC0-301F-11D3-BF4B-00C04F79EFBC}") = "R5T.T0060", "..\..\R5T.T0060\source\R5T.T0060\R5T.T0060.csproj", "{EAE0EBDA-94D8-4502-A424-46B2ACFC4489}"
EndProject
Project("{FAE04EC0-301F-11D3-BF4B-00C04F79EFBC}") = "R5T.T0062.X001", "..\..\R5T.T0062\source\R5T.T0062.X001\R5T.T0062.X001.csproj", "{F217E7FD-1996-4CA7-877C-EF84D10A5B9F}"
EndProject
Project("{FAE04EC0-301F-11D3-BF4B-00C04F79EFBC}") = "R5T.T0062", "..\..\R5T.T0062\source\R5T.T0062\R5T.T0062.csproj", "{4664DA46-6474-4A2C-971E-CA5A4CFEF12C}"
EndProject
Project("{FAE04EC0-301F-11D3-BF4B-00C04F79EFBC}") = "R5T.T0063", "..\..\R5T.T0063\source\R5T.T0063\R5T.T0063.csproj", "{12067FAE-27E3-4B72-9860-CBF0EC2BBF5C}"
EndProject
Project("{FAE04EC0-301F-11D3-BF4B-00C04F79EFBC}") = "R5T.T0064", "..\..\R5T.T0064\source\R5T.T0064\R5T.T0064.csproj", "{5F00A05A-403E-4F42-AEC6-7EB9175193C6}"
EndProject
Project("{FAE04EC0-301F-11D3-BF4B-00C04F79EFBC}") = "R5T.T0092.X001", "..\..\R5T.T0092\source\R5T.T0092.X001\R5T.T0092.X001.csproj", "{AFE44A58-919E-41BA-9020-C5A5EBC78699}"
EndProject
Project("{FAE04EC0-301F-11D3-BF4B-00C04F79EFBC}") = "R5T.T0092", "..\..\R5T.T0092\source\R5T.T0092\R5T.T0092.csproj", "{24CE2086-CC9E-48F3-8A9A-5593D27839BA}"
EndProject
Project("{FAE04EC0-301F-11D3-BF4B-00C04F79EFBC}") = "R5T.T0093.X001", "..\..\R5T.T0093\source\R5T.T0093.X001\R5T.T0093.X001.csproj", "{08AF5F41-BA1C-411E-A815-A769AB27E088}"
EndProject
Project("{FAE04EC0-301F-11D3-BF4B-00C04F79EFBC}") = "R5T.T0093", "..\..\R5T.T0093\source\R5T.T0093\R5T.T0093.csproj", "{4803EBD7-7465-4E65-BFAD-F469760F274B}"
EndProject
Project("{FAE04EC0-301F-11D3-BF4B-00C04F79EFBC}") = "R5T.T0094", "..\..\R5T.T0094\source\R5T.T0094\R5T.T0094.csproj", "{24D432E9-09E4-4B26-AFE2-1A87E20CEB4A}"
EndProject
Project("{FAE04EC0-301F-11D3-BF4B-00C04F79EFBC}") = "R5T.T0096.X001", "..\..\R5T.T0096\source\R5T.T0096.X001\R5T.T0096.X001.csproj", "{7C9816B7-9DF6-4C22-B8B8-D8EEC8BFA667}"
EndProject
Project("{FAE04EC0-301F-11D3-BF4B-00C04F79EFBC}") = "R5T.T0096", "..\..\R5T.T0096\source\R5T.T0096\R5T.T0096.csproj", "{485A628D-5FEC-4AAD-BFCE-230227FD404B}"
EndProject
Project("{FAE04EC0-301F-11D3-BF4B-00C04F79EFBC}") = "R5T.T0097.X002", "..\..\R5T.T0097\source\R5T.T0097.X002\R5T.T0097.X002.csproj", "{A10AC6BD-3FE8-4B0E-8B7F-74DB27C2C8FF}"
EndProject
Project("{FAE04EC0-301F-11D3-BF4B-00C04F79EFBC}") = "R5T.T0097", "..\..\R5T.T0097\source\R5T.T0097\R5T.T0097.csproj", "{2E611A35-0285-4FA0-984A-C23DC2021857}"
EndProject
Project("{FAE04EC0-301F-11D3-BF4B-00C04F79EFBC}") = "R5T.T0098", "..\..\R5T.T0098\source\R5T.T0098\R5T.T0098.csproj", "{732740D2-063A-4693-B2A1-C1C71EDCFC08}"
EndProject
Global
	GlobalSection(SolutionConfigurationPlatforms) = preSolution
		Debug|Any CPU = Debug|Any CPU
		Debug|x64 = Debug|x64
		Debug|x86 = Debug|x86
		Release|Any CPU = Release|Any CPU
		Release|x64 = Release|x64
		Release|x86 = Release|x86
	EndGlobalSection
	GlobalSection(SolutionProperties) = preSolution
		HideSolutionNode = FALSE
	EndGlobalSection
	GlobalSection(ProjectConfigurationPlatforms) = postSolution
		{50599D62-E5AF-4866-AC3B-B02D7F375081}.Debug|Any CPU.ActiveCfg = Debug|Any CPU
		{50599D62-E5AF-4866-AC3B-B02D7F375081}.Debug|Any CPU.Build.0 = Debug|Any CPU
		{50599D62-E5AF-4866-AC3B-B02D7F375081}.Debug|x64.ActiveCfg = Debug|Any CPU
		{50599D62-E5AF-4866-AC3B-B02D7F375081}.Debug|x64.Build.0 = Debug|Any CPU
		{50599D62-E5AF-4866-AC3B-B02D7F375081}.Debug|x86.ActiveCfg = Debug|Any CPU
		{50599D62-E5AF-4866-AC3B-B02D7F375081}.Debug|x86.Build.0 = Debug|Any CPU
		{50599D62-E5AF-4866-AC3B-B02D7F375081}.Release|Any CPU.ActiveCfg = Release|Any CPU
		{50599D62-E5AF-4866-AC3B-B02D7F375081}.Release|Any CPU.Build.0 = Release|Any CPU
		{50599D62-E5AF-4866-AC3B-B02D7F375081}.Release|x64.ActiveCfg = Release|Any CPU
		{50599D62-E5AF-4866-AC3B-B02D7F375081}.Release|x64.Build.0 = Release|Any CPU
		{50599D62-E5AF-4866-AC3B-B02D7F375081}.Release|x86.ActiveCfg = Release|Any CPU
		{50599D62-E5AF-4866-AC3B-B02D7F375081}.Release|x86.Build.0 = Release|Any CPU
		{1E26D832-5B55-4FFA-A6C9-022789518042}.Debug|Any CPU.ActiveCfg = Debug|Any CPU
		{1E26D832-5B55-4FFA-A6C9-022789518042}.Debug|Any CPU.Build.0 = Debug|Any CPU
		{1E26D832-5B55-4FFA-A6C9-022789518042}.Debug|x64.ActiveCfg = Debug|Any CPU
		{1E26D832-5B55-4FFA-A6C9-022789518042}.Debug|x64.Build.0 = Debug|Any CPU
		{1E26D832-5B55-4FFA-A6C9-022789518042}.Debug|x86.ActiveCfg = Debug|Any CPU
		{1E26D832-5B55-4FFA-A6C9-022789518042}.Debug|x86.Build.0 = Debug|Any CPU
		{1E26D832-5B55-4FFA-A6C9-022789518042}.Release|Any CPU.ActiveCfg = Release|Any CPU
		{1E26D832-5B55-4FFA-A6C9-022789518042}.Release|Any CPU.Build.0 = Release|Any CPU
		{1E26D832-5B55-4FFA-A6C9-022789518042}.Release|x64.ActiveCfg = Release|Any CPU
		{1E26D832-5B55-4FFA-A6C9-022789518042}.Release|x64.Build.0 = Release|Any CPU
		{1E26D832-5B55-4FFA-A6C9-022789518042}.Release|x86.ActiveCfg = Release|Any CPU
		{1E26D832-5B55-4FFA-A6C9-022789518042}.Release|x86.Build.0 = Release|Any CPU
		{91F0640D-9CCF-46A0-987E-2189187DF790}.Debug|Any CPU.ActiveCfg = Debug|Any CPU
		{91F0640D-9CCF-46A0-987E-2189187DF790}.Debug|Any CPU.Build.0 = Debug|Any CPU
		{91F0640D-9CCF-46A0-987E-2189187DF790}.Debug|x64.ActiveCfg = Debug|Any CPU
		{91F0640D-9CCF-46A0-987E-2189187DF790}.Debug|x64.Build.0 = Debug|Any CPU
		{91F0640D-9CCF-46A0-987E-2189187DF790}.Debug|x86.ActiveCfg = Debug|Any CPU
		{91F0640D-9CCF-46A0-987E-2189187DF790}.Debug|x86.Build.0 = Debug|Any CPU
		{91F0640D-9CCF-46A0-987E-2189187DF790}.Release|Any CPU.ActiveCfg = Release|Any CPU
		{91F0640D-9CCF-46A0-987E-2189187DF790}.Release|Any CPU.Build.0 = Release|Any CPU
		{91F0640D-9CCF-46A0-987E-2189187DF790}.Release|x64.ActiveCfg = Release|Any CPU
		{91F0640D-9CCF-46A0-987E-2189187DF790}.Release|x64.Build.0 = Release|Any CPU
		{91F0640D-9CCF-46A0-987E-2189187DF790}.Release|x86.ActiveCfg = Release|Any CPU
		{91F0640D-9CCF-46A0-987E-2189187DF790}.Release|x86.Build.0 = Release|Any CPU
		{DD3B1E08-129A-4948-B006-E25356AD8BEB}.Debug|Any CPU.ActiveCfg = Debug|Any CPU
		{DD3B1E08-129A-4948-B006-E25356AD8BEB}.Debug|Any CPU.Build.0 = Debug|Any CPU
		{DD3B1E08-129A-4948-B006-E25356AD8BEB}.Debug|x64.ActiveCfg = Debug|Any CPU
		{DD3B1E08-129A-4948-B006-E25356AD8BEB}.Debug|x64.Build.0 = Debug|Any CPU
		{DD3B1E08-129A-4948-B006-E25356AD8BEB}.Debug|x86.ActiveCfg = Debug|Any CPU
		{DD3B1E08-129A-4948-B006-E25356AD8BEB}.Debug|x86.Build.0 = Debug|Any CPU
		{DD3B1E08-129A-4948-B006-E25356AD8BEB}.Release|Any CPU.ActiveCfg = Release|Any CPU
		{DD3B1E08-129A-4948-B006-E25356AD8BEB}.Release|Any CPU.Build.0 = Release|Any CPU
		{DD3B1E08-129A-4948-B006-E25356AD8BEB}.Release|x64.ActiveCfg = Release|Any CPU
		{DD3B1E08-129A-4948-B006-E25356AD8BEB}.Release|x64.Build.0 = Release|Any CPU
		{DD3B1E08-129A-4948-B006-E25356AD8BEB}.Release|x86.ActiveCfg = Release|Any CPU
		{DD3B1E08-129A-4948-B006-E25356AD8BEB}.Release|x86.Build.0 = Release|Any CPU
		{12E7C18A-6CDD-4F74-8CB0-0A21C77A64D3}.Debug|Any CPU.ActiveCfg = Debug|Any CPU
		{12E7C18A-6CDD-4F74-8CB0-0A21C77A64D3}.Debug|Any CPU.Build.0 = Debug|Any CPU
		{12E7C18A-6CDD-4F74-8CB0-0A21C77A64D3}.Debug|x64.ActiveCfg = Debug|Any CPU
		{12E7C18A-6CDD-4F74-8CB0-0A21C77A64D3}.Debug|x64.Build.0 = Debug|Any CPU
		{12E7C18A-6CDD-4F74-8CB0-0A21C77A64D3}.Debug|x86.ActiveCfg = Debug|Any CPU
		{12E7C18A-6CDD-4F74-8CB0-0A21C77A64D3}.Debug|x86.Build.0 = Debug|Any CPU
		{12E7C18A-6CDD-4F74-8CB0-0A21C77A64D3}.Release|Any CPU.ActiveCfg = Release|Any CPU
		{12E7C18A-6CDD-4F74-8CB0-0A21C77A64D3}.Release|Any CPU.Build.0 = Release|Any CPU
		{12E7C18A-6CDD-4F74-8CB0-0A21C77A64D3}.Release|x64.ActiveCfg = Release|Any CPU
		{12E7C18A-6CDD-4F74-8CB0-0A21C77A64D3}.Release|x64.Build.0 = Release|Any CPU
		{12E7C18A-6CDD-4F74-8CB0-0A21C77A64D3}.Release|x86.ActiveCfg = Release|Any CPU
		{12E7C18A-6CDD-4F74-8CB0-0A21C77A64D3}.Release|x86.Build.0 = Release|Any CPU
		{878A7271-072B-4914-9010-D8E616DB2DC3}.Debug|Any CPU.ActiveCfg = Debug|Any CPU
		{878A7271-072B-4914-9010-D8E616DB2DC3}.Debug|Any CPU.Build.0 = Debug|Any CPU
		{878A7271-072B-4914-9010-D8E616DB2DC3}.Debug|x64.ActiveCfg = Debug|Any CPU
		{878A7271-072B-4914-9010-D8E616DB2DC3}.Debug|x64.Build.0 = Debug|Any CPU
		{878A7271-072B-4914-9010-D8E616DB2DC3}.Debug|x86.ActiveCfg = Debug|Any CPU
		{878A7271-072B-4914-9010-D8E616DB2DC3}.Debug|x86.Build.0 = Debug|Any CPU
		{878A7271-072B-4914-9010-D8E616DB2DC3}.Release|Any CPU.ActiveCfg = Release|Any CPU
		{878A7271-072B-4914-9010-D8E616DB2DC3}.Release|Any CPU.Build.0 = Release|Any CPU
		{878A7271-072B-4914-9010-D8E616DB2DC3}.Release|x64.ActiveCfg = Release|Any CPU
		{878A7271-072B-4914-9010-D8E616DB2DC3}.Release|x64.Build.0 = Release|Any CPU
		{878A7271-072B-4914-9010-D8E616DB2DC3}.Release|x86.ActiveCfg = Release|Any CPU
		{878A7271-072B-4914-9010-D8E616DB2DC3}.Release|x86.Build.0 = Release|Any CPU
		{4BB60053-A50F-4A87-AE0F-B5EFC6ECD86F}.Debug|Any CPU.ActiveCfg = Debug|Any CPU
		{4BB60053-A50F-4A87-AE0F-B5EFC6ECD86F}.Debug|Any CPU.Build.0 = Debug|Any CPU
		{4BB60053-A50F-4A87-AE0F-B5EFC6ECD86F}.Debug|x64.ActiveCfg = Debug|Any CPU
		{4BB60053-A50F-4A87-AE0F-B5EFC6ECD86F}.Debug|x64.Build.0 = Debug|Any CPU
		{4BB60053-A50F-4A87-AE0F-B5EFC6ECD86F}.Debug|x86.ActiveCfg = Debug|Any CPU
		{4BB60053-A50F-4A87-AE0F-B5EFC6ECD86F}.Debug|x86.Build.0 = Debug|Any CPU
		{4BB60053-A50F-4A87-AE0F-B5EFC6ECD86F}.Release|Any CPU.ActiveCfg = Release|Any CPU
		{4BB60053-A50F-4A87-AE0F-B5EFC6ECD86F}.Release|Any CPU.Build.0 = Release|Any CPU
		{4BB60053-A50F-4A87-AE0F-B5EFC6ECD86F}.Release|x64.ActiveCfg = Release|Any CPU
		{4BB60053-A50F-4A87-AE0F-B5EFC6ECD86F}.Release|x64.Build.0 = Release|Any CPU
		{4BB60053-A50F-4A87-AE0F-B5EFC6ECD86F}.Release|x86.ActiveCfg = Release|Any CPU
		{4BB60053-A50F-4A87-AE0F-B5EFC6ECD86F}.Release|x86.Build.0 = Release|Any CPU
		{14202201-1BC3-40AD-98DB-80816B5F9477}.Debug|Any CPU.ActiveCfg = Debug|Any CPU
		{14202201-1BC3-40AD-98DB-80816B5F9477}.Debug|Any CPU.Build.0 = Debug|Any CPU
		{14202201-1BC3-40AD-98DB-80816B5F9477}.Debug|x64.ActiveCfg = Debug|Any CPU
		{14202201-1BC3-40AD-98DB-80816B5F9477}.Debug|x64.Build.0 = Debug|Any CPU
		{14202201-1BC3-40AD-98DB-80816B5F9477}.Debug|x86.ActiveCfg = Debug|Any CPU
		{14202201-1BC3-40AD-98DB-80816B5F9477}.Debug|x86.Build.0 = Debug|Any CPU
		{14202201-1BC3-40AD-98DB-80816B5F9477}.Release|Any CPU.ActiveCfg = Release|Any CPU
		{14202201-1BC3-40AD-98DB-80816B5F9477}.Release|Any CPU.Build.0 = Release|Any CPU
		{14202201-1BC3-40AD-98DB-80816B5F9477}.Release|x64.ActiveCfg = Release|Any CPU
		{14202201-1BC3-40AD-98DB-80816B5F9477}.Release|x64.Build.0 = Release|Any CPU
		{14202201-1BC3-40AD-98DB-80816B5F9477}.Release|x86.ActiveCfg = Release|Any CPU
		{14202201-1BC3-40AD-98DB-80816B5F9477}.Release|x86.Build.0 = Release|Any CPU
		{5143F742-4A54-4C8F-A9DD-3C217BDC146A}.Debug|Any CPU.ActiveCfg = Debug|Any CPU
		{5143F742-4A54-4C8F-A9DD-3C217BDC146A}.Debug|Any CPU.Build.0 = Debug|Any CPU
		{5143F742-4A54-4C8F-A9DD-3C217BDC146A}.Debug|x64.ActiveCfg = Debug|Any CPU
		{5143F742-4A54-4C8F-A9DD-3C217BDC146A}.Debug|x64.Build.0 = Debug|Any CPU
		{5143F742-4A54-4C8F-A9DD-3C217BDC146A}.Debug|x86.ActiveCfg = Debug|Any CPU
		{5143F742-4A54-4C8F-A9DD-3C217BDC146A}.Debug|x86.Build.0 = Debug|Any CPU
		{5143F742-4A54-4C8F-A9DD-3C217BDC146A}.Release|Any CPU.ActiveCfg = Release|Any CPU
		{5143F742-4A54-4C8F-A9DD-3C217BDC146A}.Release|Any CPU.Build.0 = Release|Any CPU
		{5143F742-4A54-4C8F-A9DD-3C217BDC146A}.Release|x64.ActiveCfg = Release|Any CPU
		{5143F742-4A54-4C8F-A9DD-3C217BDC146A}.Release|x64.Build.0 = Release|Any CPU
		{5143F742-4A54-4C8F-A9DD-3C217BDC146A}.Release|x86.ActiveCfg = Release|Any CPU
		{5143F742-4A54-4C8F-A9DD-3C217BDC146A}.Release|x86.Build.0 = Release|Any CPU
		{8FDDF16F-3874-4AA1-B921-C26A4E6406DE}.Debug|Any CPU.ActiveCfg = Debug|Any CPU
		{8FDDF16F-3874-4AA1-B921-C26A4E6406DE}.Debug|Any CPU.Build.0 = Debug|Any CPU
		{8FDDF16F-3874-4AA1-B921-C26A4E6406DE}.Debug|x64.ActiveCfg = Debug|Any CPU
		{8FDDF16F-3874-4AA1-B921-C26A4E6406DE}.Debug|x64.Build.0 = Debug|Any CPU
		{8FDDF16F-3874-4AA1-B921-C26A4E6406DE}.Debug|x86.ActiveCfg = Debug|Any CPU
		{8FDDF16F-3874-4AA1-B921-C26A4E6406DE}.Debug|x86.Build.0 = Debug|Any CPU
		{8FDDF16F-3874-4AA1-B921-C26A4E6406DE}.Release|Any CPU.ActiveCfg = Release|Any CPU
		{8FDDF16F-3874-4AA1-B921-C26A4E6406DE}.Release|Any CPU.Build.0 = Release|Any CPU
		{8FDDF16F-3874-4AA1-B921-C26A4E6406DE}.Release|x64.ActiveCfg = Release|Any CPU
		{8FDDF16F-3874-4AA1-B921-C26A4E6406DE}.Release|x64.Build.0 = Release|Any CPU
		{8FDDF16F-3874-4AA1-B921-C26A4E6406DE}.Release|x86.ActiveCfg = Release|Any CPU
		{8FDDF16F-3874-4AA1-B921-C26A4E6406DE}.Release|x86.Build.0 = Release|Any CPU
		{961D73F9-CB85-4ABD-BA0A-98EBCA2A965E}.Debug|Any CPU.ActiveCfg = Debug|Any CPU
		{961D73F9-CB85-4ABD-BA0A-98EBCA2A965E}.Debug|Any CPU.Build.0 = Debug|Any CPU
		{961D73F9-CB85-4ABD-BA0A-98EBCA2A965E}.Debug|x64.ActiveCfg = Debug|Any CPU
		{961D73F9-CB85-4ABD-BA0A-98EBCA2A965E}.Debug|x64.Build.0 = Debug|Any CPU
		{961D73F9-CB85-4ABD-BA0A-98EBCA2A965E}.Debug|x86.ActiveCfg = Debug|Any CPU
		{961D73F9-CB85-4ABD-BA0A-98EBCA2A965E}.Debug|x86.Build.0 = Debug|Any CPU
		{961D73F9-CB85-4ABD-BA0A-98EBCA2A965E}.Release|Any CPU.ActiveCfg = Release|Any CPU
		{961D73F9-CB85-4ABD-BA0A-98EBCA2A965E}.Release|Any CPU.Build.0 = Release|Any CPU
		{961D73F9-CB85-4ABD-BA0A-98EBCA2A965E}.Release|x64.ActiveCfg = Release|Any CPU
		{961D73F9-CB85-4ABD-BA0A-98EBCA2A965E}.Release|x64.Build.0 = Release|Any CPU
		{961D73F9-CB85-4ABD-BA0A-98EBCA2A965E}.Release|x86.ActiveCfg = Release|Any CPU
		{961D73F9-CB85-4ABD-BA0A-98EBCA2A965E}.Release|x86.Build.0 = Release|Any CPU
		{0147A993-FE92-4C40-B4EB-924F5344E31B}.Debug|Any CPU.ActiveCfg = Debug|Any CPU
		{0147A993-FE92-4C40-B4EB-924F5344E31B}.Debug|Any CPU.Build.0 = Debug|Any CPU
		{0147A993-FE92-4C40-B4EB-924F5344E31B}.Debug|x64.ActiveCfg = Debug|Any CPU
		{0147A993-FE92-4C40-B4EB-924F5344E31B}.Debug|x64.Build.0 = Debug|Any CPU
		{0147A993-FE92-4C40-B4EB-924F5344E31B}.Debug|x86.ActiveCfg = Debug|Any CPU
		{0147A993-FE92-4C40-B4EB-924F5344E31B}.Debug|x86.Build.0 = Debug|Any CPU
		{0147A993-FE92-4C40-B4EB-924F5344E31B}.Release|Any CPU.ActiveCfg = Release|Any CPU
		{0147A993-FE92-4C40-B4EB-924F5344E31B}.Release|Any CPU.Build.0 = Release|Any CPU
		{0147A993-FE92-4C40-B4EB-924F5344E31B}.Release|x64.ActiveCfg = Release|Any CPU
		{0147A993-FE92-4C40-B4EB-924F5344E31B}.Release|x64.Build.0 = Release|Any CPU
		{0147A993-FE92-4C40-B4EB-924F5344E31B}.Release|x86.ActiveCfg = Release|Any CPU
		{0147A993-FE92-4C40-B4EB-924F5344E31B}.Release|x86.Build.0 = Release|Any CPU
		{6FF755E7-1668-45A7-AD2F-0164FC4D356C}.Debug|Any CPU.ActiveCfg = Debug|Any CPU
		{6FF755E7-1668-45A7-AD2F-0164FC4D356C}.Debug|Any CPU.Build.0 = Debug|Any CPU
		{6FF755E7-1668-45A7-AD2F-0164FC4D356C}.Debug|x64.ActiveCfg = Debug|Any CPU
		{6FF755E7-1668-45A7-AD2F-0164FC4D356C}.Debug|x64.Build.0 = Debug|Any CPU
		{6FF755E7-1668-45A7-AD2F-0164FC4D356C}.Debug|x86.ActiveCfg = Debug|Any CPU
		{6FF755E7-1668-45A7-AD2F-0164FC4D356C}.Debug|x86.Build.0 = Debug|Any CPU
		{6FF755E7-1668-45A7-AD2F-0164FC4D356C}.Release|Any CPU.ActiveCfg = Release|Any CPU
		{6FF755E7-1668-45A7-AD2F-0164FC4D356C}.Release|Any CPU.Build.0 = Release|Any CPU
		{6FF755E7-1668-45A7-AD2F-0164FC4D356C}.Release|x64.ActiveCfg = Release|Any CPU
		{6FF755E7-1668-45A7-AD2F-0164FC4D356C}.Release|x64.Build.0 = Release|Any CPU
		{6FF755E7-1668-45A7-AD2F-0164FC4D356C}.Release|x86.ActiveCfg = Release|Any CPU
		{6FF755E7-1668-45A7-AD2F-0164FC4D356C}.Release|x86.Build.0 = Release|Any CPU
		{787BB7C5-DEC7-441C-8C34-9CB2EDD2B0D8}.Debug|Any CPU.ActiveCfg = Debug|Any CPU
		{787BB7C5-DEC7-441C-8C34-9CB2EDD2B0D8}.Debug|Any CPU.Build.0 = Debug|Any CPU
		{787BB7C5-DEC7-441C-8C34-9CB2EDD2B0D8}.Debug|x64.ActiveCfg = Debug|Any CPU
		{787BB7C5-DEC7-441C-8C34-9CB2EDD2B0D8}.Debug|x64.Build.0 = Debug|Any CPU
		{787BB7C5-DEC7-441C-8C34-9CB2EDD2B0D8}.Debug|x86.ActiveCfg = Debug|Any CPU
		{787BB7C5-DEC7-441C-8C34-9CB2EDD2B0D8}.Debug|x86.Build.0 = Debug|Any CPU
		{787BB7C5-DEC7-441C-8C34-9CB2EDD2B0D8}.Release|Any CPU.ActiveCfg = Release|Any CPU
		{787BB7C5-DEC7-441C-8C34-9CB2EDD2B0D8}.Release|Any CPU.Build.0 = Release|Any CPU
		{787BB7C5-DEC7-441C-8C34-9CB2EDD2B0D8}.Release|x64.ActiveCfg = Release|Any CPU
		{787BB7C5-DEC7-441C-8C34-9CB2EDD2B0D8}.Release|x64.Build.0 = Release|Any CPU
		{787BB7C5-DEC7-441C-8C34-9CB2EDD2B0D8}.Release|x86.ActiveCfg = Release|Any CPU
		{787BB7C5-DEC7-441C-8C34-9CB2EDD2B0D8}.Release|x86.Build.0 = Release|Any CPU
		{4C08BD91-AC79-4844-98E0-07A5D4D58047}.Debug|Any CPU.ActiveCfg = Debug|Any CPU
		{4C08BD91-AC79-4844-98E0-07A5D4D58047}.Debug|Any CPU.Build.0 = Debug|Any CPU
		{4C08BD91-AC79-4844-98E0-07A5D4D58047}.Debug|x64.ActiveCfg = Debug|Any CPU
		{4C08BD91-AC79-4844-98E0-07A5D4D58047}.Debug|x64.Build.0 = Debug|Any CPU
		{4C08BD91-AC79-4844-98E0-07A5D4D58047}.Debug|x86.ActiveCfg = Debug|Any CPU
		{4C08BD91-AC79-4844-98E0-07A5D4D58047}.Debug|x86.Build.0 = Debug|Any CPU
		{4C08BD91-AC79-4844-98E0-07A5D4D58047}.Release|Any CPU.ActiveCfg = Release|Any CPU
		{4C08BD91-AC79-4844-98E0-07A5D4D58047}.Release|Any CPU.Build.0 = Release|Any CPU
		{4C08BD91-AC79-4844-98E0-07A5D4D58047}.Release|x64.ActiveCfg = Release|Any CPU
		{4C08BD91-AC79-4844-98E0-07A5D4D58047}.Release|x64.Build.0 = Release|Any CPU
		{4C08BD91-AC79-4844-98E0-07A5D4D58047}.Release|x86.ActiveCfg = Release|Any CPU
		{4C08BD91-AC79-4844-98E0-07A5D4D58047}.Release|x86.Build.0 = Release|Any CPU
		{5FE02156-B7AC-435E-BEA4-3B201818FFF9}.Debug|Any CPU.ActiveCfg = Debug|Any CPU
		{5FE02156-B7AC-435E-BEA4-3B201818FFF9}.Debug|Any CPU.Build.0 = Debug|Any CPU
		{5FE02156-B7AC-435E-BEA4-3B201818FFF9}.Debug|x64.ActiveCfg = Debug|Any CPU
		{5FE02156-B7AC-435E-BEA4-3B201818FFF9}.Debug|x64.Build.0 = Debug|Any CPU
		{5FE02156-B7AC-435E-BEA4-3B201818FFF9}.Debug|x86.ActiveCfg = Debug|Any CPU
		{5FE02156-B7AC-435E-BEA4-3B201818FFF9}.Debug|x86.Build.0 = Debug|Any CPU
		{5FE02156-B7AC-435E-BEA4-3B201818FFF9}.Release|Any CPU.ActiveCfg = Release|Any CPU
		{5FE02156-B7AC-435E-BEA4-3B201818FFF9}.Release|Any CPU.Build.0 = Release|Any CPU
		{5FE02156-B7AC-435E-BEA4-3B201818FFF9}.Release|x64.ActiveCfg = Release|Any CPU
		{5FE02156-B7AC-435E-BEA4-3B201818FFF9}.Release|x64.Build.0 = Release|Any CPU
		{5FE02156-B7AC-435E-BEA4-3B201818FFF9}.Release|x86.ActiveCfg = Release|Any CPU
		{5FE02156-B7AC-435E-BEA4-3B201818FFF9}.Release|x86.Build.0 = Release|Any CPU
		{B6910C39-8000-4F30-B8D1-311C2FE79DF9}.Debug|Any CPU.ActiveCfg = Debug|Any CPU
		{B6910C39-8000-4F30-B8D1-311C2FE79DF9}.Debug|Any CPU.Build.0 = Debug|Any CPU
		{B6910C39-8000-4F30-B8D1-311C2FE79DF9}.Debug|x64.ActiveCfg = Debug|Any CPU
		{B6910C39-8000-4F30-B8D1-311C2FE79DF9}.Debug|x64.Build.0 = Debug|Any CPU
		{B6910C39-8000-4F30-B8D1-311C2FE79DF9}.Debug|x86.ActiveCfg = Debug|Any CPU
		{B6910C39-8000-4F30-B8D1-311C2FE79DF9}.Debug|x86.Build.0 = Debug|Any CPU
		{B6910C39-8000-4F30-B8D1-311C2FE79DF9}.Release|Any CPU.ActiveCfg = Release|Any CPU
		{B6910C39-8000-4F30-B8D1-311C2FE79DF9}.Release|Any CPU.Build.0 = Release|Any CPU
		{B6910C39-8000-4F30-B8D1-311C2FE79DF9}.Release|x64.ActiveCfg = Release|Any CPU
		{B6910C39-8000-4F30-B8D1-311C2FE79DF9}.Release|x64.Build.0 = Release|Any CPU
		{B6910C39-8000-4F30-B8D1-311C2FE79DF9}.Release|x86.ActiveCfg = Release|Any CPU
		{B6910C39-8000-4F30-B8D1-311C2FE79DF9}.Release|x86.Build.0 = Release|Any CPU
		{F636557C-8496-44EB-9E6A-D31A4418595B}.Debug|Any CPU.ActiveCfg = Debug|Any CPU
		{F636557C-8496-44EB-9E6A-D31A4418595B}.Debug|Any CPU.Build.0 = Debug|Any CPU
		{F636557C-8496-44EB-9E6A-D31A4418595B}.Debug|x64.ActiveCfg = Debug|Any CPU
		{F636557C-8496-44EB-9E6A-D31A4418595B}.Debug|x64.Build.0 = Debug|Any CPU
		{F636557C-8496-44EB-9E6A-D31A4418595B}.Debug|x86.ActiveCfg = Debug|Any CPU
		{F636557C-8496-44EB-9E6A-D31A4418595B}.Debug|x86.Build.0 = Debug|Any CPU
		{F636557C-8496-44EB-9E6A-D31A4418595B}.Release|Any CPU.ActiveCfg = Release|Any CPU
		{F636557C-8496-44EB-9E6A-D31A4418595B}.Release|Any CPU.Build.0 = Release|Any CPU
		{F636557C-8496-44EB-9E6A-D31A4418595B}.Release|x64.ActiveCfg = Release|Any CPU
		{F636557C-8496-44EB-9E6A-D31A4418595B}.Release|x64.Build.0 = Release|Any CPU
		{F636557C-8496-44EB-9E6A-D31A4418595B}.Release|x86.ActiveCfg = Release|Any CPU
		{F636557C-8496-44EB-9E6A-D31A4418595B}.Release|x86.Build.0 = Release|Any CPU
		{F6052419-DF72-4722-A82D-C813663AA41D}.Debug|Any CPU.ActiveCfg = Debug|Any CPU
		{F6052419-DF72-4722-A82D-C813663AA41D}.Debug|Any CPU.Build.0 = Debug|Any CPU
		{F6052419-DF72-4722-A82D-C813663AA41D}.Debug|x64.ActiveCfg = Debug|Any CPU
		{F6052419-DF72-4722-A82D-C813663AA41D}.Debug|x64.Build.0 = Debug|Any CPU
		{F6052419-DF72-4722-A82D-C813663AA41D}.Debug|x86.ActiveCfg = Debug|Any CPU
		{F6052419-DF72-4722-A82D-C813663AA41D}.Debug|x86.Build.0 = Debug|Any CPU
		{F6052419-DF72-4722-A82D-C813663AA41D}.Release|Any CPU.ActiveCfg = Release|Any CPU
		{F6052419-DF72-4722-A82D-C813663AA41D}.Release|Any CPU.Build.0 = Release|Any CPU
		{F6052419-DF72-4722-A82D-C813663AA41D}.Release|x64.ActiveCfg = Release|Any CPU
		{F6052419-DF72-4722-A82D-C813663AA41D}.Release|x64.Build.0 = Release|Any CPU
		{F6052419-DF72-4722-A82D-C813663AA41D}.Release|x86.ActiveCfg = Release|Any CPU
		{F6052419-DF72-4722-A82D-C813663AA41D}.Release|x86.Build.0 = Release|Any CPU
		{150466DF-4865-4968-92B8-E28630B7AF05}.Debug|Any CPU.ActiveCfg = Debug|Any CPU
		{150466DF-4865-4968-92B8-E28630B7AF05}.Debug|Any CPU.Build.0 = Debug|Any CPU
		{150466DF-4865-4968-92B8-E28630B7AF05}.Debug|x64.ActiveCfg = Debug|Any CPU
		{150466DF-4865-4968-92B8-E28630B7AF05}.Debug|x64.Build.0 = Debug|Any CPU
		{150466DF-4865-4968-92B8-E28630B7AF05}.Debug|x86.ActiveCfg = Debug|Any CPU
		{150466DF-4865-4968-92B8-E28630B7AF05}.Debug|x86.Build.0 = Debug|Any CPU
		{150466DF-4865-4968-92B8-E28630B7AF05}.Release|Any CPU.ActiveCfg = Release|Any CPU
		{150466DF-4865-4968-92B8-E28630B7AF05}.Release|Any CPU.Build.0 = Release|Any CPU
		{150466DF-4865-4968-92B8-E28630B7AF05}.Release|x64.ActiveCfg = Release|Any CPU
		{150466DF-4865-4968-92B8-E28630B7AF05}.Release|x64.Build.0 = Release|Any CPU
		{150466DF-4865-4968-92B8-E28630B7AF05}.Release|x86.ActiveCfg = Release|Any CPU
		{150466DF-4865-4968-92B8-E28630B7AF05}.Release|x86.Build.0 = Release|Any CPU
		{7227ED36-1EE0-4E9B-8330-6014E1CAF072}.Debug|Any CPU.ActiveCfg = Debug|Any CPU
		{7227ED36-1EE0-4E9B-8330-6014E1CAF072}.Debug|Any CPU.Build.0 = Debug|Any CPU
		{7227ED36-1EE0-4E9B-8330-6014E1CAF072}.Debug|x64.ActiveCfg = Debug|Any CPU
		{7227ED36-1EE0-4E9B-8330-6014E1CAF072}.Debug|x64.Build.0 = Debug|Any CPU
		{7227ED36-1EE0-4E9B-8330-6014E1CAF072}.Debug|x86.ActiveCfg = Debug|Any CPU
		{7227ED36-1EE0-4E9B-8330-6014E1CAF072}.Debug|x86.Build.0 = Debug|Any CPU
		{7227ED36-1EE0-4E9B-8330-6014E1CAF072}.Release|Any CPU.ActiveCfg = Release|Any CPU
		{7227ED36-1EE0-4E9B-8330-6014E1CAF072}.Release|Any CPU.Build.0 = Release|Any CPU
		{7227ED36-1EE0-4E9B-8330-6014E1CAF072}.Release|x64.ActiveCfg = Release|Any CPU
		{7227ED36-1EE0-4E9B-8330-6014E1CAF072}.Release|x64.Build.0 = Release|Any CPU
		{7227ED36-1EE0-4E9B-8330-6014E1CAF072}.Release|x86.ActiveCfg = Release|Any CPU
		{7227ED36-1EE0-4E9B-8330-6014E1CAF072}.Release|x86.Build.0 = Release|Any CPU
		{C4044F96-79EB-4BE5-9D6B-64538026C32F}.Debug|Any CPU.ActiveCfg = Debug|Any CPU
		{C4044F96-79EB-4BE5-9D6B-64538026C32F}.Debug|Any CPU.Build.0 = Debug|Any CPU
		{C4044F96-79EB-4BE5-9D6B-64538026C32F}.Debug|x64.ActiveCfg = Debug|Any CPU
		{C4044F96-79EB-4BE5-9D6B-64538026C32F}.Debug|x64.Build.0 = Debug|Any CPU
		{C4044F96-79EB-4BE5-9D6B-64538026C32F}.Debug|x86.ActiveCfg = Debug|Any CPU
		{C4044F96-79EB-4BE5-9D6B-64538026C32F}.Debug|x86.Build.0 = Debug|Any CPU
		{C4044F96-79EB-4BE5-9D6B-64538026C32F}.Release|Any CPU.ActiveCfg = Release|Any CPU
		{C4044F96-79EB-4BE5-9D6B-64538026C32F}.Release|Any CPU.Build.0 = Release|Any CPU
		{C4044F96-79EB-4BE5-9D6B-64538026C32F}.Release|x64.ActiveCfg = Release|Any CPU
		{C4044F96-79EB-4BE5-9D6B-64538026C32F}.Release|x64.Build.0 = Release|Any CPU
		{C4044F96-79EB-4BE5-9D6B-64538026C32F}.Release|x86.ActiveCfg = Release|Any CPU
		{C4044F96-79EB-4BE5-9D6B-64538026C32F}.Release|x86.Build.0 = Release|Any CPU
		{A7BBE6A1-6346-486C-9638-1A1FA8CF33DF}.Debug|Any CPU.ActiveCfg = Debug|Any CPU
		{A7BBE6A1-6346-486C-9638-1A1FA8CF33DF}.Debug|Any CPU.Build.0 = Debug|Any CPU
		{A7BBE6A1-6346-486C-9638-1A1FA8CF33DF}.Debug|x64.ActiveCfg = Debug|Any CPU
		{A7BBE6A1-6346-486C-9638-1A1FA8CF33DF}.Debug|x64.Build.0 = Debug|Any CPU
		{A7BBE6A1-6346-486C-9638-1A1FA8CF33DF}.Debug|x86.ActiveCfg = Debug|Any CPU
		{A7BBE6A1-6346-486C-9638-1A1FA8CF33DF}.Debug|x86.Build.0 = Debug|Any CPU
		{A7BBE6A1-6346-486C-9638-1A1FA8CF33DF}.Release|Any CPU.ActiveCfg = Release|Any CPU
		{A7BBE6A1-6346-486C-9638-1A1FA8CF33DF}.Release|Any CPU.Build.0 = Release|Any CPU
		{A7BBE6A1-6346-486C-9638-1A1FA8CF33DF}.Release|x64.ActiveCfg = Release|Any CPU
		{A7BBE6A1-6346-486C-9638-1A1FA8CF33DF}.Release|x64.Build.0 = Release|Any CPU
		{A7BBE6A1-6346-486C-9638-1A1FA8CF33DF}.Release|x86.ActiveCfg = Release|Any CPU
		{A7BBE6A1-6346-486C-9638-1A1FA8CF33DF}.Release|x86.Build.0 = Release|Any CPU
		{A9D31975-0403-413D-A9DC-B18878D370CE}.Debug|Any CPU.ActiveCfg = Debug|Any CPU
		{A9D31975-0403-413D-A9DC-B18878D370CE}.Debug|Any CPU.Build.0 = Debug|Any CPU
		{A9D31975-0403-413D-A9DC-B18878D370CE}.Debug|x64.ActiveCfg = Debug|Any CPU
		{A9D31975-0403-413D-A9DC-B18878D370CE}.Debug|x64.Build.0 = Debug|Any CPU
		{A9D31975-0403-413D-A9DC-B18878D370CE}.Debug|x86.ActiveCfg = Debug|Any CPU
		{A9D31975-0403-413D-A9DC-B18878D370CE}.Debug|x86.Build.0 = Debug|Any CPU
		{A9D31975-0403-413D-A9DC-B18878D370CE}.Release|Any CPU.ActiveCfg = Release|Any CPU
		{A9D31975-0403-413D-A9DC-B18878D370CE}.Release|Any CPU.Build.0 = Release|Any CPU
		{A9D31975-0403-413D-A9DC-B18878D370CE}.Release|x64.ActiveCfg = Release|Any CPU
		{A9D31975-0403-413D-A9DC-B18878D370CE}.Release|x64.Build.0 = Release|Any CPU
		{A9D31975-0403-413D-A9DC-B18878D370CE}.Release|x86.ActiveCfg = Release|Any CPU
		{A9D31975-0403-413D-A9DC-B18878D370CE}.Release|x86.Build.0 = Release|Any CPU
		{B9C1B06F-BA49-4346-A202-568622BCFB90}.Debug|Any CPU.ActiveCfg = Debug|Any CPU
		{B9C1B06F-BA49-4346-A202-568622BCFB90}.Debug|Any CPU.Build.0 = Debug|Any CPU
		{B9C1B06F-BA49-4346-A202-568622BCFB90}.Debug|x64.ActiveCfg = Debug|Any CPU
		{B9C1B06F-BA49-4346-A202-568622BCFB90}.Debug|x64.Build.0 = Debug|Any CPU
		{B9C1B06F-BA49-4346-A202-568622BCFB90}.Debug|x86.ActiveCfg = Debug|Any CPU
		{B9C1B06F-BA49-4346-A202-568622BCFB90}.Debug|x86.Build.0 = Debug|Any CPU
		{B9C1B06F-BA49-4346-A202-568622BCFB90}.Release|Any CPU.ActiveCfg = Release|Any CPU
		{B9C1B06F-BA49-4346-A202-568622BCFB90}.Release|Any CPU.Build.0 = Release|Any CPU
		{B9C1B06F-BA49-4346-A202-568622BCFB90}.Release|x64.ActiveCfg = Release|Any CPU
		{B9C1B06F-BA49-4346-A202-568622BCFB90}.Release|x64.Build.0 = Release|Any CPU
		{B9C1B06F-BA49-4346-A202-568622BCFB90}.Release|x86.ActiveCfg = Release|Any CPU
		{B9C1B06F-BA49-4346-A202-568622BCFB90}.Release|x86.Build.0 = Release|Any CPU
		{F4D26AD0-9633-45DF-B8F2-3263781ADB54}.Debug|Any CPU.ActiveCfg = Debug|Any CPU
		{F4D26AD0-9633-45DF-B8F2-3263781ADB54}.Debug|Any CPU.Build.0 = Debug|Any CPU
		{F4D26AD0-9633-45DF-B8F2-3263781ADB54}.Debug|x64.ActiveCfg = Debug|Any CPU
		{F4D26AD0-9633-45DF-B8F2-3263781ADB54}.Debug|x64.Build.0 = Debug|Any CPU
		{F4D26AD0-9633-45DF-B8F2-3263781ADB54}.Debug|x86.ActiveCfg = Debug|Any CPU
		{F4D26AD0-9633-45DF-B8F2-3263781ADB54}.Debug|x86.Build.0 = Debug|Any CPU
		{F4D26AD0-9633-45DF-B8F2-3263781ADB54}.Release|Any CPU.ActiveCfg = Release|Any CPU
		{F4D26AD0-9633-45DF-B8F2-3263781ADB54}.Release|Any CPU.Build.0 = Release|Any CPU
		{F4D26AD0-9633-45DF-B8F2-3263781ADB54}.Release|x64.ActiveCfg = Release|Any CPU
		{F4D26AD0-9633-45DF-B8F2-3263781ADB54}.Release|x64.Build.0 = Release|Any CPU
		{F4D26AD0-9633-45DF-B8F2-3263781ADB54}.Release|x86.ActiveCfg = Release|Any CPU
		{F4D26AD0-9633-45DF-B8F2-3263781ADB54}.Release|x86.Build.0 = Release|Any CPU
		{43B0A7E0-FF4C-42A8-BDC9-80985617DBFC}.Debug|Any CPU.ActiveCfg = Debug|Any CPU
		{43B0A7E0-FF4C-42A8-BDC9-80985617DBFC}.Debug|Any CPU.Build.0 = Debug|Any CPU
		{43B0A7E0-FF4C-42A8-BDC9-80985617DBFC}.Debug|x64.ActiveCfg = Debug|Any CPU
		{43B0A7E0-FF4C-42A8-BDC9-80985617DBFC}.Debug|x64.Build.0 = Debug|Any CPU
		{43B0A7E0-FF4C-42A8-BDC9-80985617DBFC}.Debug|x86.ActiveCfg = Debug|Any CPU
		{43B0A7E0-FF4C-42A8-BDC9-80985617DBFC}.Debug|x86.Build.0 = Debug|Any CPU
		{43B0A7E0-FF4C-42A8-BDC9-80985617DBFC}.Release|Any CPU.ActiveCfg = Release|Any CPU
		{43B0A7E0-FF4C-42A8-BDC9-80985617DBFC}.Release|Any CPU.Build.0 = Release|Any CPU
		{43B0A7E0-FF4C-42A8-BDC9-80985617DBFC}.Release|x64.ActiveCfg = Release|Any CPU
		{43B0A7E0-FF4C-42A8-BDC9-80985617DBFC}.Release|x64.Build.0 = Release|Any CPU
		{43B0A7E0-FF4C-42A8-BDC9-80985617DBFC}.Release|x86.ActiveCfg = Release|Any CPU
		{43B0A7E0-FF4C-42A8-BDC9-80985617DBFC}.Release|x86.Build.0 = Release|Any CPU
		{042890CF-B0E4-49E9-ABB1-0BA67F76D678}.Debug|Any CPU.ActiveCfg = Debug|Any CPU
		{042890CF-B0E4-49E9-ABB1-0BA67F76D678}.Debug|Any CPU.Build.0 = Debug|Any CPU
		{042890CF-B0E4-49E9-ABB1-0BA67F76D678}.Debug|x64.ActiveCfg = Debug|Any CPU
		{042890CF-B0E4-49E9-ABB1-0BA67F76D678}.Debug|x64.Build.0 = Debug|Any CPU
		{042890CF-B0E4-49E9-ABB1-0BA67F76D678}.Debug|x86.ActiveCfg = Debug|Any CPU
		{042890CF-B0E4-49E9-ABB1-0BA67F76D678}.Debug|x86.Build.0 = Debug|Any CPU
		{042890CF-B0E4-49E9-ABB1-0BA67F76D678}.Release|Any CPU.ActiveCfg = Release|Any CPU
		{042890CF-B0E4-49E9-ABB1-0BA67F76D678}.Release|Any CPU.Build.0 = Release|Any CPU
		{042890CF-B0E4-49E9-ABB1-0BA67F76D678}.Release|x64.ActiveCfg = Release|Any CPU
		{042890CF-B0E4-49E9-ABB1-0BA67F76D678}.Release|x64.Build.0 = Release|Any CPU
		{042890CF-B0E4-49E9-ABB1-0BA67F76D678}.Release|x86.ActiveCfg = Release|Any CPU
		{042890CF-B0E4-49E9-ABB1-0BA67F76D678}.Release|x86.Build.0 = Release|Any CPU
		{34D0452E-407D-475A-AE82-1CD4A9292911}.Debug|Any CPU.ActiveCfg = Debug|Any CPU
		{34D0452E-407D-475A-AE82-1CD4A9292911}.Debug|Any CPU.Build.0 = Debug|Any CPU
		{34D0452E-407D-475A-AE82-1CD4A9292911}.Debug|x64.ActiveCfg = Debug|Any CPU
		{34D0452E-407D-475A-AE82-1CD4A9292911}.Debug|x64.Build.0 = Debug|Any CPU
		{34D0452E-407D-475A-AE82-1CD4A9292911}.Debug|x86.ActiveCfg = Debug|Any CPU
		{34D0452E-407D-475A-AE82-1CD4A9292911}.Debug|x86.Build.0 = Debug|Any CPU
		{34D0452E-407D-475A-AE82-1CD4A9292911}.Release|Any CPU.ActiveCfg = Release|Any CPU
		{34D0452E-407D-475A-AE82-1CD4A9292911}.Release|Any CPU.Build.0 = Release|Any CPU
		{34D0452E-407D-475A-AE82-1CD4A9292911}.Release|x64.ActiveCfg = Release|Any CPU
		{34D0452E-407D-475A-AE82-1CD4A9292911}.Release|x64.Build.0 = Release|Any CPU
		{34D0452E-407D-475A-AE82-1CD4A9292911}.Release|x86.ActiveCfg = Release|Any CPU
		{34D0452E-407D-475A-AE82-1CD4A9292911}.Release|x86.Build.0 = Release|Any CPU
		{6E36B171-39ED-4A8D-A5F3-9C82C47CDA65}.Debug|Any CPU.ActiveCfg = Debug|Any CPU
		{6E36B171-39ED-4A8D-A5F3-9C82C47CDA65}.Debug|Any CPU.Build.0 = Debug|Any CPU
		{6E36B171-39ED-4A8D-A5F3-9C82C47CDA65}.Debug|x64.ActiveCfg = Debug|Any CPU
		{6E36B171-39ED-4A8D-A5F3-9C82C47CDA65}.Debug|x64.Build.0 = Debug|Any CPU
		{6E36B171-39ED-4A8D-A5F3-9C82C47CDA65}.Debug|x86.ActiveCfg = Debug|Any CPU
		{6E36B171-39ED-4A8D-A5F3-9C82C47CDA65}.Debug|x86.Build.0 = Debug|Any CPU
		{6E36B171-39ED-4A8D-A5F3-9C82C47CDA65}.Release|Any CPU.ActiveCfg = Release|Any CPU
		{6E36B171-39ED-4A8D-A5F3-9C82C47CDA65}.Release|Any CPU.Build.0 = Release|Any CPU
		{6E36B171-39ED-4A8D-A5F3-9C82C47CDA65}.Release|x64.ActiveCfg = Release|Any CPU
		{6E36B171-39ED-4A8D-A5F3-9C82C47CDA65}.Release|x64.Build.0 = Release|Any CPU
		{6E36B171-39ED-4A8D-A5F3-9C82C47CDA65}.Release|x86.ActiveCfg = Release|Any CPU
		{6E36B171-39ED-4A8D-A5F3-9C82C47CDA65}.Release|x86.Build.0 = Release|Any CPU
		{F99D7D97-446C-44E9-BB36-7512B408F10C}.Debug|Any CPU.ActiveCfg = Debug|Any CPU
		{F99D7D97-446C-44E9-BB36-7512B408F10C}.Debug|Any CPU.Build.0 = Debug|Any CPU
		{F99D7D97-446C-44E9-BB36-7512B408F10C}.Debug|x64.ActiveCfg = Debug|Any CPU
		{F99D7D97-446C-44E9-BB36-7512B408F10C}.Debug|x64.Build.0 = Debug|Any CPU
		{F99D7D97-446C-44E9-BB36-7512B408F10C}.Debug|x86.ActiveCfg = Debug|Any CPU
		{F99D7D97-446C-44E9-BB36-7512B408F10C}.Debug|x86.Build.0 = Debug|Any CPU
		{F99D7D97-446C-44E9-BB36-7512B408F10C}.Release|Any CPU.ActiveCfg = Release|Any CPU
		{F99D7D97-446C-44E9-BB36-7512B408F10C}.Release|Any CPU.Build.0 = Release|Any CPU
		{F99D7D97-446C-44E9-BB36-7512B408F10C}.Release|x64.ActiveCfg = Release|Any CPU
		{F99D7D97-446C-44E9-BB36-7512B408F10C}.Release|x64.Build.0 = Release|Any CPU
		{F99D7D97-446C-44E9-BB36-7512B408F10C}.Release|x86.ActiveCfg = Release|Any CPU
		{F99D7D97-446C-44E9-BB36-7512B408F10C}.Release|x86.Build.0 = Release|Any CPU
		{05BADE70-F24A-45C7-B371-152959966777}.Debug|Any CPU.ActiveCfg = Debug|Any CPU
		{05BADE70-F24A-45C7-B371-152959966777}.Debug|Any CPU.Build.0 = Debug|Any CPU
		{05BADE70-F24A-45C7-B371-152959966777}.Debug|x64.ActiveCfg = Debug|Any CPU
		{05BADE70-F24A-45C7-B371-152959966777}.Debug|x64.Build.0 = Debug|Any CPU
		{05BADE70-F24A-45C7-B371-152959966777}.Debug|x86.ActiveCfg = Debug|Any CPU
		{05BADE70-F24A-45C7-B371-152959966777}.Debug|x86.Build.0 = Debug|Any CPU
		{05BADE70-F24A-45C7-B371-152959966777}.Release|Any CPU.ActiveCfg = Release|Any CPU
		{05BADE70-F24A-45C7-B371-152959966777}.Release|Any CPU.Build.0 = Release|Any CPU
		{05BADE70-F24A-45C7-B371-152959966777}.Release|x64.ActiveCfg = Release|Any CPU
		{05BADE70-F24A-45C7-B371-152959966777}.Release|x64.Build.0 = Release|Any CPU
		{05BADE70-F24A-45C7-B371-152959966777}.Release|x86.ActiveCfg = Release|Any CPU
		{05BADE70-F24A-45C7-B371-152959966777}.Release|x86.Build.0 = Release|Any CPU
		{EB4D6373-A195-4D0D-A2E2-842D674495DC}.Debug|Any CPU.ActiveCfg = Debug|Any CPU
		{EB4D6373-A195-4D0D-A2E2-842D674495DC}.Debug|Any CPU.Build.0 = Debug|Any CPU
		{EB4D6373-A195-4D0D-A2E2-842D674495DC}.Debug|x64.ActiveCfg = Debug|Any CPU
		{EB4D6373-A195-4D0D-A2E2-842D674495DC}.Debug|x64.Build.0 = Debug|Any CPU
		{EB4D6373-A195-4D0D-A2E2-842D674495DC}.Debug|x86.ActiveCfg = Debug|Any CPU
		{EB4D6373-A195-4D0D-A2E2-842D674495DC}.Debug|x86.Build.0 = Debug|Any CPU
		{EB4D6373-A195-4D0D-A2E2-842D674495DC}.Release|Any CPU.ActiveCfg = Release|Any CPU
		{EB4D6373-A195-4D0D-A2E2-842D674495DC}.Release|Any CPU.Build.0 = Release|Any CPU
		{EB4D6373-A195-4D0D-A2E2-842D674495DC}.Release|x64.ActiveCfg = Release|Any CPU
		{EB4D6373-A195-4D0D-A2E2-842D674495DC}.Release|x64.Build.0 = Release|Any CPU
		{EB4D6373-A195-4D0D-A2E2-842D674495DC}.Release|x86.ActiveCfg = Release|Any CPU
		{EB4D6373-A195-4D0D-A2E2-842D674495DC}.Release|x86.Build.0 = Release|Any CPU
		{F65C27D3-91AB-440F-BB13-D1302E645374}.Debug|Any CPU.ActiveCfg = Debug|Any CPU
		{F65C27D3-91AB-440F-BB13-D1302E645374}.Debug|Any CPU.Build.0 = Debug|Any CPU
		{F65C27D3-91AB-440F-BB13-D1302E645374}.Debug|x64.ActiveCfg = Debug|Any CPU
		{F65C27D3-91AB-440F-BB13-D1302E645374}.Debug|x64.Build.0 = Debug|Any CPU
		{F65C27D3-91AB-440F-BB13-D1302E645374}.Debug|x86.ActiveCfg = Debug|Any CPU
		{F65C27D3-91AB-440F-BB13-D1302E645374}.Debug|x86.Build.0 = Debug|Any CPU
		{F65C27D3-91AB-440F-BB13-D1302E645374}.Release|Any CPU.ActiveCfg = Release|Any CPU
		{F65C27D3-91AB-440F-BB13-D1302E645374}.Release|Any CPU.Build.0 = Release|Any CPU
		{F65C27D3-91AB-440F-BB13-D1302E645374}.Release|x64.ActiveCfg = Release|Any CPU
		{F65C27D3-91AB-440F-BB13-D1302E645374}.Release|x64.Build.0 = Release|Any CPU
		{F65C27D3-91AB-440F-BB13-D1302E645374}.Release|x86.ActiveCfg = Release|Any CPU
		{F65C27D3-91AB-440F-BB13-D1302E645374}.Release|x86.Build.0 = Release|Any CPU
		{67CB6992-0044-44DC-A6FE-3181BF0D0A04}.Debug|Any CPU.ActiveCfg = Debug|Any CPU
		{67CB6992-0044-44DC-A6FE-3181BF0D0A04}.Debug|Any CPU.Build.0 = Debug|Any CPU
		{67CB6992-0044-44DC-A6FE-3181BF0D0A04}.Debug|x64.ActiveCfg = Debug|Any CPU
		{67CB6992-0044-44DC-A6FE-3181BF0D0A04}.Debug|x64.Build.0 = Debug|Any CPU
		{67CB6992-0044-44DC-A6FE-3181BF0D0A04}.Debug|x86.ActiveCfg = Debug|Any CPU
		{67CB6992-0044-44DC-A6FE-3181BF0D0A04}.Debug|x86.Build.0 = Debug|Any CPU
		{67CB6992-0044-44DC-A6FE-3181BF0D0A04}.Release|Any CPU.ActiveCfg = Release|Any CPU
		{67CB6992-0044-44DC-A6FE-3181BF0D0A04}.Release|Any CPU.Build.0 = Release|Any CPU
		{67CB6992-0044-44DC-A6FE-3181BF0D0A04}.Release|x64.ActiveCfg = Release|Any CPU
		{67CB6992-0044-44DC-A6FE-3181BF0D0A04}.Release|x64.Build.0 = Release|Any CPU
		{67CB6992-0044-44DC-A6FE-3181BF0D0A04}.Release|x86.ActiveCfg = Release|Any CPU
		{67CB6992-0044-44DC-A6FE-3181BF0D0A04}.Release|x86.Build.0 = Release|Any CPU
		{EC359013-DE93-469F-9179-8F68832A6896}.Debug|Any CPU.ActiveCfg = Debug|Any CPU
		{EC359013-DE93-469F-9179-8F68832A6896}.Debug|Any CPU.Build.0 = Debug|Any CPU
		{EC359013-DE93-469F-9179-8F68832A6896}.Debug|x64.ActiveCfg = Debug|Any CPU
		{EC359013-DE93-469F-9179-8F68832A6896}.Debug|x64.Build.0 = Debug|Any CPU
		{EC359013-DE93-469F-9179-8F68832A6896}.Debug|x86.ActiveCfg = Debug|Any CPU
		{EC359013-DE93-469F-9179-8F68832A6896}.Debug|x86.Build.0 = Debug|Any CPU
		{EC359013-DE93-469F-9179-8F68832A6896}.Release|Any CPU.ActiveCfg = Release|Any CPU
		{EC359013-DE93-469F-9179-8F68832A6896}.Release|Any CPU.Build.0 = Release|Any CPU
		{EC359013-DE93-469F-9179-8F68832A6896}.Release|x64.ActiveCfg = Release|Any CPU
		{EC359013-DE93-469F-9179-8F68832A6896}.Release|x64.Build.0 = Release|Any CPU
		{EC359013-DE93-469F-9179-8F68832A6896}.Release|x86.ActiveCfg = Release|Any CPU
		{EC359013-DE93-469F-9179-8F68832A6896}.Release|x86.Build.0 = Release|Any CPU
		{A812FE6B-F25A-4207-9B0F-18E688C07B35}.Debug|Any CPU.ActiveCfg = Debug|Any CPU
		{A812FE6B-F25A-4207-9B0F-18E688C07B35}.Debug|Any CPU.Build.0 = Debug|Any CPU
		{A812FE6B-F25A-4207-9B0F-18E688C07B35}.Debug|x64.ActiveCfg = Debug|Any CPU
		{A812FE6B-F25A-4207-9B0F-18E688C07B35}.Debug|x64.Build.0 = Debug|Any CPU
		{A812FE6B-F25A-4207-9B0F-18E688C07B35}.Debug|x86.ActiveCfg = Debug|Any CPU
		{A812FE6B-F25A-4207-9B0F-18E688C07B35}.Debug|x86.Build.0 = Debug|Any CPU
		{A812FE6B-F25A-4207-9B0F-18E688C07B35}.Release|Any CPU.ActiveCfg = Release|Any CPU
		{A812FE6B-F25A-4207-9B0F-18E688C07B35}.Release|Any CPU.Build.0 = Release|Any CPU
		{A812FE6B-F25A-4207-9B0F-18E688C07B35}.Release|x64.ActiveCfg = Release|Any CPU
		{A812FE6B-F25A-4207-9B0F-18E688C07B35}.Release|x64.Build.0 = Release|Any CPU
		{A812FE6B-F25A-4207-9B0F-18E688C07B35}.Release|x86.ActiveCfg = Release|Any CPU
		{A812FE6B-F25A-4207-9B0F-18E688C07B35}.Release|x86.Build.0 = Release|Any CPU
		{A91F3B46-B202-4484-BBB9-CA006C8F17BA}.Debug|Any CPU.ActiveCfg = Debug|Any CPU
		{A91F3B46-B202-4484-BBB9-CA006C8F17BA}.Debug|Any CPU.Build.0 = Debug|Any CPU
		{A91F3B46-B202-4484-BBB9-CA006C8F17BA}.Debug|x64.ActiveCfg = Debug|Any CPU
		{A91F3B46-B202-4484-BBB9-CA006C8F17BA}.Debug|x64.Build.0 = Debug|Any CPU
		{A91F3B46-B202-4484-BBB9-CA006C8F17BA}.Debug|x86.ActiveCfg = Debug|Any CPU
		{A91F3B46-B202-4484-BBB9-CA006C8F17BA}.Debug|x86.Build.0 = Debug|Any CPU
		{A91F3B46-B202-4484-BBB9-CA006C8F17BA}.Release|Any CPU.ActiveCfg = Release|Any CPU
		{A91F3B46-B202-4484-BBB9-CA006C8F17BA}.Release|Any CPU.Build.0 = Release|Any CPU
		{A91F3B46-B202-4484-BBB9-CA006C8F17BA}.Release|x64.ActiveCfg = Release|Any CPU
		{A91F3B46-B202-4484-BBB9-CA006C8F17BA}.Release|x64.Build.0 = Release|Any CPU
		{A91F3B46-B202-4484-BBB9-CA006C8F17BA}.Release|x86.ActiveCfg = Release|Any CPU
		{A91F3B46-B202-4484-BBB9-CA006C8F17BA}.Release|x86.Build.0 = Release|Any CPU
		{C6F129DA-7807-4914-B593-E12F4DC3F4B6}.Debug|Any CPU.ActiveCfg = Debug|Any CPU
		{C6F129DA-7807-4914-B593-E12F4DC3F4B6}.Debug|Any CPU.Build.0 = Debug|Any CPU
		{C6F129DA-7807-4914-B593-E12F4DC3F4B6}.Debug|x64.ActiveCfg = Debug|Any CPU
		{C6F129DA-7807-4914-B593-E12F4DC3F4B6}.Debug|x64.Build.0 = Debug|Any CPU
		{C6F129DA-7807-4914-B593-E12F4DC3F4B6}.Debug|x86.ActiveCfg = Debug|Any CPU
		{C6F129DA-7807-4914-B593-E12F4DC3F4B6}.Debug|x86.Build.0 = Debug|Any CPU
		{C6F129DA-7807-4914-B593-E12F4DC3F4B6}.Release|Any CPU.ActiveCfg = Release|Any CPU
		{C6F129DA-7807-4914-B593-E12F4DC3F4B6}.Release|Any CPU.Build.0 = Release|Any CPU
		{C6F129DA-7807-4914-B593-E12F4DC3F4B6}.Release|x64.ActiveCfg = Release|Any CPU
		{C6F129DA-7807-4914-B593-E12F4DC3F4B6}.Release|x64.Build.0 = Release|Any CPU
		{C6F129DA-7807-4914-B593-E12F4DC3F4B6}.Release|x86.ActiveCfg = Release|Any CPU
		{C6F129DA-7807-4914-B593-E12F4DC3F4B6}.Release|x86.Build.0 = Release|Any CPU
		{1A989D3E-44EA-4045-9927-62D159CC4528}.Debug|Any CPU.ActiveCfg = Debug|Any CPU
		{1A989D3E-44EA-4045-9927-62D159CC4528}.Debug|Any CPU.Build.0 = Debug|Any CPU
		{1A989D3E-44EA-4045-9927-62D159CC4528}.Debug|x64.ActiveCfg = Debug|Any CPU
		{1A989D3E-44EA-4045-9927-62D159CC4528}.Debug|x64.Build.0 = Debug|Any CPU
		{1A989D3E-44EA-4045-9927-62D159CC4528}.Debug|x86.ActiveCfg = Debug|Any CPU
		{1A989D3E-44EA-4045-9927-62D159CC4528}.Debug|x86.Build.0 = Debug|Any CPU
		{1A989D3E-44EA-4045-9927-62D159CC4528}.Release|Any CPU.ActiveCfg = Release|Any CPU
		{1A989D3E-44EA-4045-9927-62D159CC4528}.Release|Any CPU.Build.0 = Release|Any CPU
		{1A989D3E-44EA-4045-9927-62D159CC4528}.Release|x64.ActiveCfg = Release|Any CPU
		{1A989D3E-44EA-4045-9927-62D159CC4528}.Release|x64.Build.0 = Release|Any CPU
		{1A989D3E-44EA-4045-9927-62D159CC4528}.Release|x86.ActiveCfg = Release|Any CPU
		{1A989D3E-44EA-4045-9927-62D159CC4528}.Release|x86.Build.0 = Release|Any CPU
		{55A39D38-2E56-42F3-9D51-A92B564FAFF7}.Debug|Any CPU.ActiveCfg = Debug|Any CPU
		{55A39D38-2E56-42F3-9D51-A92B564FAFF7}.Debug|Any CPU.Build.0 = Debug|Any CPU
		{55A39D38-2E56-42F3-9D51-A92B564FAFF7}.Debug|x64.ActiveCfg = Debug|Any CPU
		{55A39D38-2E56-42F3-9D51-A92B564FAFF7}.Debug|x64.Build.0 = Debug|Any CPU
		{55A39D38-2E56-42F3-9D51-A92B564FAFF7}.Debug|x86.ActiveCfg = Debug|Any CPU
		{55A39D38-2E56-42F3-9D51-A92B564FAFF7}.Debug|x86.Build.0 = Debug|Any CPU
		{55A39D38-2E56-42F3-9D51-A92B564FAFF7}.Release|Any CPU.ActiveCfg = Release|Any CPU
		{55A39D38-2E56-42F3-9D51-A92B564FAFF7}.Release|Any CPU.Build.0 = Release|Any CPU
		{55A39D38-2E56-42F3-9D51-A92B564FAFF7}.Release|x64.ActiveCfg = Release|Any CPU
		{55A39D38-2E56-42F3-9D51-A92B564FAFF7}.Release|x64.Build.0 = Release|Any CPU
		{55A39D38-2E56-42F3-9D51-A92B564FAFF7}.Release|x86.ActiveCfg = Release|Any CPU
		{55A39D38-2E56-42F3-9D51-A92B564FAFF7}.Release|x86.Build.0 = Release|Any CPU
		{0B0A9F6A-CECA-410E-B640-F0232F8EDDAF}.Debug|Any CPU.ActiveCfg = Debug|Any CPU
		{0B0A9F6A-CECA-410E-B640-F0232F8EDDAF}.Debug|Any CPU.Build.0 = Debug|Any CPU
		{0B0A9F6A-CECA-410E-B640-F0232F8EDDAF}.Debug|x64.ActiveCfg = Debug|Any CPU
		{0B0A9F6A-CECA-410E-B640-F0232F8EDDAF}.Debug|x64.Build.0 = Debug|Any CPU
		{0B0A9F6A-CECA-410E-B640-F0232F8EDDAF}.Debug|x86.ActiveCfg = Debug|Any CPU
		{0B0A9F6A-CECA-410E-B640-F0232F8EDDAF}.Debug|x86.Build.0 = Debug|Any CPU
		{0B0A9F6A-CECA-410E-B640-F0232F8EDDAF}.Release|Any CPU.ActiveCfg = Release|Any CPU
		{0B0A9F6A-CECA-410E-B640-F0232F8EDDAF}.Release|Any CPU.Build.0 = Release|Any CPU
		{0B0A9F6A-CECA-410E-B640-F0232F8EDDAF}.Release|x64.ActiveCfg = Release|Any CPU
		{0B0A9F6A-CECA-410E-B640-F0232F8EDDAF}.Release|x64.Build.0 = Release|Any CPU
		{0B0A9F6A-CECA-410E-B640-F0232F8EDDAF}.Release|x86.ActiveCfg = Release|Any CPU
		{0B0A9F6A-CECA-410E-B640-F0232F8EDDAF}.Release|x86.Build.0 = Release|Any CPU
		{2133C158-C79C-4F58-A8E9-82ABB89F889A}.Debug|Any CPU.ActiveCfg = Debug|Any CPU
		{2133C158-C79C-4F58-A8E9-82ABB89F889A}.Debug|Any CPU.Build.0 = Debug|Any CPU
		{2133C158-C79C-4F58-A8E9-82ABB89F889A}.Debug|x64.ActiveCfg = Debug|Any CPU
		{2133C158-C79C-4F58-A8E9-82ABB89F889A}.Debug|x64.Build.0 = Debug|Any CPU
		{2133C158-C79C-4F58-A8E9-82ABB89F889A}.Debug|x86.ActiveCfg = Debug|Any CPU
		{2133C158-C79C-4F58-A8E9-82ABB89F889A}.Debug|x86.Build.0 = Debug|Any CPU
		{2133C158-C79C-4F58-A8E9-82ABB89F889A}.Release|Any CPU.ActiveCfg = Release|Any CPU
		{2133C158-C79C-4F58-A8E9-82ABB89F889A}.Release|Any CPU.Build.0 = Release|Any CPU
		{2133C158-C79C-4F58-A8E9-82ABB89F889A}.Release|x64.ActiveCfg = Release|Any CPU
		{2133C158-C79C-4F58-A8E9-82ABB89F889A}.Release|x64.Build.0 = Release|Any CPU
		{2133C158-C79C-4F58-A8E9-82ABB89F889A}.Release|x86.ActiveCfg = Release|Any CPU
		{2133C158-C79C-4F58-A8E9-82ABB89F889A}.Release|x86.Build.0 = Release|Any CPU
		{EF68283D-0C83-460F-8B66-1B3D5723F7ED}.Debug|Any CPU.ActiveCfg = Debug|Any CPU
		{EF68283D-0C83-460F-8B66-1B3D5723F7ED}.Debug|Any CPU.Build.0 = Debug|Any CPU
		{EF68283D-0C83-460F-8B66-1B3D5723F7ED}.Debug|x64.ActiveCfg = Debug|Any CPU
		{EF68283D-0C83-460F-8B66-1B3D5723F7ED}.Debug|x64.Build.0 = Debug|Any CPU
		{EF68283D-0C83-460F-8B66-1B3D5723F7ED}.Debug|x86.ActiveCfg = Debug|Any CPU
		{EF68283D-0C83-460F-8B66-1B3D5723F7ED}.Debug|x86.Build.0 = Debug|Any CPU
		{EF68283D-0C83-460F-8B66-1B3D5723F7ED}.Release|Any CPU.ActiveCfg = Release|Any CPU
		{EF68283D-0C83-460F-8B66-1B3D5723F7ED}.Release|Any CPU.Build.0 = Release|Any CPU
		{EF68283D-0C83-460F-8B66-1B3D5723F7ED}.Release|x64.ActiveCfg = Release|Any CPU
		{EF68283D-0C83-460F-8B66-1B3D5723F7ED}.Release|x64.Build.0 = Release|Any CPU
		{EF68283D-0C83-460F-8B66-1B3D5723F7ED}.Release|x86.ActiveCfg = Release|Any CPU
		{EF68283D-0C83-460F-8B66-1B3D5723F7ED}.Release|x86.Build.0 = Release|Any CPU
		{0BB6AF87-D519-473A-AFBE-3D06D2E97E8A}.Debug|Any CPU.ActiveCfg = Debug|Any CPU
		{0BB6AF87-D519-473A-AFBE-3D06D2E97E8A}.Debug|Any CPU.Build.0 = Debug|Any CPU
		{0BB6AF87-D519-473A-AFBE-3D06D2E97E8A}.Debug|x64.ActiveCfg = Debug|Any CPU
		{0BB6AF87-D519-473A-AFBE-3D06D2E97E8A}.Debug|x64.Build.0 = Debug|Any CPU
		{0BB6AF87-D519-473A-AFBE-3D06D2E97E8A}.Debug|x86.ActiveCfg = Debug|Any CPU
		{0BB6AF87-D519-473A-AFBE-3D06D2E97E8A}.Debug|x86.Build.0 = Debug|Any CPU
		{0BB6AF87-D519-473A-AFBE-3D06D2E97E8A}.Release|Any CPU.ActiveCfg = Release|Any CPU
		{0BB6AF87-D519-473A-AFBE-3D06D2E97E8A}.Release|Any CPU.Build.0 = Release|Any CPU
		{0BB6AF87-D519-473A-AFBE-3D06D2E97E8A}.Release|x64.ActiveCfg = Release|Any CPU
		{0BB6AF87-D519-473A-AFBE-3D06D2E97E8A}.Release|x64.Build.0 = Release|Any CPU
		{0BB6AF87-D519-473A-AFBE-3D06D2E97E8A}.Release|x86.ActiveCfg = Release|Any CPU
		{0BB6AF87-D519-473A-AFBE-3D06D2E97E8A}.Release|x86.Build.0 = Release|Any CPU
		{A8FA1018-A8B6-43AD-9003-BB9D09CA1690}.Debug|Any CPU.ActiveCfg = Debug|Any CPU
		{A8FA1018-A8B6-43AD-9003-BB9D09CA1690}.Debug|Any CPU.Build.0 = Debug|Any CPU
		{A8FA1018-A8B6-43AD-9003-BB9D09CA1690}.Debug|x64.ActiveCfg = Debug|Any CPU
		{A8FA1018-A8B6-43AD-9003-BB9D09CA1690}.Debug|x64.Build.0 = Debug|Any CPU
		{A8FA1018-A8B6-43AD-9003-BB9D09CA1690}.Debug|x86.ActiveCfg = Debug|Any CPU
		{A8FA1018-A8B6-43AD-9003-BB9D09CA1690}.Debug|x86.Build.0 = Debug|Any CPU
		{A8FA1018-A8B6-43AD-9003-BB9D09CA1690}.Release|Any CPU.ActiveCfg = Release|Any CPU
		{A8FA1018-A8B6-43AD-9003-BB9D09CA1690}.Release|Any CPU.Build.0 = Release|Any CPU
		{A8FA1018-A8B6-43AD-9003-BB9D09CA1690}.Release|x64.ActiveCfg = Release|Any CPU
		{A8FA1018-A8B6-43AD-9003-BB9D09CA1690}.Release|x64.Build.0 = Release|Any CPU
		{A8FA1018-A8B6-43AD-9003-BB9D09CA1690}.Release|x86.ActiveCfg = Release|Any CPU
		{A8FA1018-A8B6-43AD-9003-BB9D09CA1690}.Release|x86.Build.0 = Release|Any CPU
		{188D7DA3-F4EC-4D0D-8B44-D0D951210946}.Debug|Any CPU.ActiveCfg = Debug|Any CPU
		{188D7DA3-F4EC-4D0D-8B44-D0D951210946}.Debug|Any CPU.Build.0 = Debug|Any CPU
		{188D7DA3-F4EC-4D0D-8B44-D0D951210946}.Debug|x64.ActiveCfg = Debug|Any CPU
		{188D7DA3-F4EC-4D0D-8B44-D0D951210946}.Debug|x64.Build.0 = Debug|Any CPU
		{188D7DA3-F4EC-4D0D-8B44-D0D951210946}.Debug|x86.ActiveCfg = Debug|Any CPU
		{188D7DA3-F4EC-4D0D-8B44-D0D951210946}.Debug|x86.Build.0 = Debug|Any CPU
		{188D7DA3-F4EC-4D0D-8B44-D0D951210946}.Release|Any CPU.ActiveCfg = Release|Any CPU
		{188D7DA3-F4EC-4D0D-8B44-D0D951210946}.Release|Any CPU.Build.0 = Release|Any CPU
		{188D7DA3-F4EC-4D0D-8B44-D0D951210946}.Release|x64.ActiveCfg = Release|Any CPU
		{188D7DA3-F4EC-4D0D-8B44-D0D951210946}.Release|x64.Build.0 = Release|Any CPU
		{188D7DA3-F4EC-4D0D-8B44-D0D951210946}.Release|x86.ActiveCfg = Release|Any CPU
		{188D7DA3-F4EC-4D0D-8B44-D0D951210946}.Release|x86.Build.0 = Release|Any CPU
		{A77EDAF6-C898-4369-94D4-A345C005C768}.Debug|Any CPU.ActiveCfg = Debug|Any CPU
		{A77EDAF6-C898-4369-94D4-A345C005C768}.Debug|Any CPU.Build.0 = Debug|Any CPU
		{A77EDAF6-C898-4369-94D4-A345C005C768}.Debug|x64.ActiveCfg = Debug|Any CPU
		{A77EDAF6-C898-4369-94D4-A345C005C768}.Debug|x64.Build.0 = Debug|Any CPU
		{A77EDAF6-C898-4369-94D4-A345C005C768}.Debug|x86.ActiveCfg = Debug|Any CPU
		{A77EDAF6-C898-4369-94D4-A345C005C768}.Debug|x86.Build.0 = Debug|Any CPU
		{A77EDAF6-C898-4369-94D4-A345C005C768}.Release|Any CPU.ActiveCfg = Release|Any CPU
		{A77EDAF6-C898-4369-94D4-A345C005C768}.Release|Any CPU.Build.0 = Release|Any CPU
		{A77EDAF6-C898-4369-94D4-A345C005C768}.Release|x64.ActiveCfg = Release|Any CPU
		{A77EDAF6-C898-4369-94D4-A345C005C768}.Release|x64.Build.0 = Release|Any CPU
		{A77EDAF6-C898-4369-94D4-A345C005C768}.Release|x86.ActiveCfg = Release|Any CPU
		{A77EDAF6-C898-4369-94D4-A345C005C768}.Release|x86.Build.0 = Release|Any CPU
		{04250F95-E605-46C6-BAEF-C49AA1043172}.Debug|Any CPU.ActiveCfg = Debug|Any CPU
		{04250F95-E605-46C6-BAEF-C49AA1043172}.Debug|Any CPU.Build.0 = Debug|Any CPU
		{04250F95-E605-46C6-BAEF-C49AA1043172}.Debug|x64.ActiveCfg = Debug|Any CPU
		{04250F95-E605-46C6-BAEF-C49AA1043172}.Debug|x64.Build.0 = Debug|Any CPU
		{04250F95-E605-46C6-BAEF-C49AA1043172}.Debug|x86.ActiveCfg = Debug|Any CPU
		{04250F95-E605-46C6-BAEF-C49AA1043172}.Debug|x86.Build.0 = Debug|Any CPU
		{04250F95-E605-46C6-BAEF-C49AA1043172}.Release|Any CPU.ActiveCfg = Release|Any CPU
		{04250F95-E605-46C6-BAEF-C49AA1043172}.Release|Any CPU.Build.0 = Release|Any CPU
		{04250F95-E605-46C6-BAEF-C49AA1043172}.Release|x64.ActiveCfg = Release|Any CPU
		{04250F95-E605-46C6-BAEF-C49AA1043172}.Release|x64.Build.0 = Release|Any CPU
		{04250F95-E605-46C6-BAEF-C49AA1043172}.Release|x86.ActiveCfg = Release|Any CPU
		{04250F95-E605-46C6-BAEF-C49AA1043172}.Release|x86.Build.0 = Release|Any CPU
		{66E734FB-5266-4832-A7C8-C0848DEDD535}.Debug|Any CPU.ActiveCfg = Debug|Any CPU
		{66E734FB-5266-4832-A7C8-C0848DEDD535}.Debug|Any CPU.Build.0 = Debug|Any CPU
		{66E734FB-5266-4832-A7C8-C0848DEDD535}.Debug|x64.ActiveCfg = Debug|Any CPU
		{66E734FB-5266-4832-A7C8-C0848DEDD535}.Debug|x64.Build.0 = Debug|Any CPU
		{66E734FB-5266-4832-A7C8-C0848DEDD535}.Debug|x86.ActiveCfg = Debug|Any CPU
		{66E734FB-5266-4832-A7C8-C0848DEDD535}.Debug|x86.Build.0 = Debug|Any CPU
		{66E734FB-5266-4832-A7C8-C0848DEDD535}.Release|Any CPU.ActiveCfg = Release|Any CPU
		{66E734FB-5266-4832-A7C8-C0848DEDD535}.Release|Any CPU.Build.0 = Release|Any CPU
		{66E734FB-5266-4832-A7C8-C0848DEDD535}.Release|x64.ActiveCfg = Release|Any CPU
		{66E734FB-5266-4832-A7C8-C0848DEDD535}.Release|x64.Build.0 = Release|Any CPU
		{66E734FB-5266-4832-A7C8-C0848DEDD535}.Release|x86.ActiveCfg = Release|Any CPU
		{66E734FB-5266-4832-A7C8-C0848DEDD535}.Release|x86.Build.0 = Release|Any CPU
		{33206850-46D5-40D1-B164-3B246280B3A1}.Debug|Any CPU.ActiveCfg = Debug|Any CPU
		{33206850-46D5-40D1-B164-3B246280B3A1}.Debug|Any CPU.Build.0 = Debug|Any CPU
		{33206850-46D5-40D1-B164-3B246280B3A1}.Debug|x64.ActiveCfg = Debug|Any CPU
		{33206850-46D5-40D1-B164-3B246280B3A1}.Debug|x64.Build.0 = Debug|Any CPU
		{33206850-46D5-40D1-B164-3B246280B3A1}.Debug|x86.ActiveCfg = Debug|Any CPU
		{33206850-46D5-40D1-B164-3B246280B3A1}.Debug|x86.Build.0 = Debug|Any CPU
		{33206850-46D5-40D1-B164-3B246280B3A1}.Release|Any CPU.ActiveCfg = Release|Any CPU
		{33206850-46D5-40D1-B164-3B246280B3A1}.Release|Any CPU.Build.0 = Release|Any CPU
		{33206850-46D5-40D1-B164-3B246280B3A1}.Release|x64.ActiveCfg = Release|Any CPU
		{33206850-46D5-40D1-B164-3B246280B3A1}.Release|x64.Build.0 = Release|Any CPU
		{33206850-46D5-40D1-B164-3B246280B3A1}.Release|x86.ActiveCfg = Release|Any CPU
		{33206850-46D5-40D1-B164-3B246280B3A1}.Release|x86.Build.0 = Release|Any CPU
		{4D8B52A4-5DAB-4945-A6BD-311E181256F6}.Debug|Any CPU.ActiveCfg = Debug|Any CPU
		{4D8B52A4-5DAB-4945-A6BD-311E181256F6}.Debug|Any CPU.Build.0 = Debug|Any CPU
		{4D8B52A4-5DAB-4945-A6BD-311E181256F6}.Debug|x64.ActiveCfg = Debug|Any CPU
		{4D8B52A4-5DAB-4945-A6BD-311E181256F6}.Debug|x64.Build.0 = Debug|Any CPU
		{4D8B52A4-5DAB-4945-A6BD-311E181256F6}.Debug|x86.ActiveCfg = Debug|Any CPU
		{4D8B52A4-5DAB-4945-A6BD-311E181256F6}.Debug|x86.Build.0 = Debug|Any CPU
		{4D8B52A4-5DAB-4945-A6BD-311E181256F6}.Release|Any CPU.ActiveCfg = Release|Any CPU
		{4D8B52A4-5DAB-4945-A6BD-311E181256F6}.Release|Any CPU.Build.0 = Release|Any CPU
		{4D8B52A4-5DAB-4945-A6BD-311E181256F6}.Release|x64.ActiveCfg = Release|Any CPU
		{4D8B52A4-5DAB-4945-A6BD-311E181256F6}.Release|x64.Build.0 = Release|Any CPU
		{4D8B52A4-5DAB-4945-A6BD-311E181256F6}.Release|x86.ActiveCfg = Release|Any CPU
		{4D8B52A4-5DAB-4945-A6BD-311E181256F6}.Release|x86.Build.0 = Release|Any CPU
		{629C527E-FFBC-4B74-9674-10D6A5E8FEC6}.Debug|Any CPU.ActiveCfg = Debug|Any CPU
		{629C527E-FFBC-4B74-9674-10D6A5E8FEC6}.Debug|Any CPU.Build.0 = Debug|Any CPU
		{629C527E-FFBC-4B74-9674-10D6A5E8FEC6}.Debug|x64.ActiveCfg = Debug|Any CPU
		{629C527E-FFBC-4B74-9674-10D6A5E8FEC6}.Debug|x64.Build.0 = Debug|Any CPU
		{629C527E-FFBC-4B74-9674-10D6A5E8FEC6}.Debug|x86.ActiveCfg = Debug|Any CPU
		{629C527E-FFBC-4B74-9674-10D6A5E8FEC6}.Debug|x86.Build.0 = Debug|Any CPU
		{629C527E-FFBC-4B74-9674-10D6A5E8FEC6}.Release|Any CPU.ActiveCfg = Release|Any CPU
		{629C527E-FFBC-4B74-9674-10D6A5E8FEC6}.Release|Any CPU.Build.0 = Release|Any CPU
		{629C527E-FFBC-4B74-9674-10D6A5E8FEC6}.Release|x64.ActiveCfg = Release|Any CPU
		{629C527E-FFBC-4B74-9674-10D6A5E8FEC6}.Release|x64.Build.0 = Release|Any CPU
		{629C527E-FFBC-4B74-9674-10D6A5E8FEC6}.Release|x86.ActiveCfg = Release|Any CPU
		{629C527E-FFBC-4B74-9674-10D6A5E8FEC6}.Release|x86.Build.0 = Release|Any CPU
		{EAE0EBDA-94D8-4502-A424-46B2ACFC4489}.Debug|Any CPU.ActiveCfg = Debug|Any CPU
		{EAE0EBDA-94D8-4502-A424-46B2ACFC4489}.Debug|Any CPU.Build.0 = Debug|Any CPU
		{EAE0EBDA-94D8-4502-A424-46B2ACFC4489}.Debug|x64.ActiveCfg = Debug|Any CPU
		{EAE0EBDA-94D8-4502-A424-46B2ACFC4489}.Debug|x64.Build.0 = Debug|Any CPU
		{EAE0EBDA-94D8-4502-A424-46B2ACFC4489}.Debug|x86.ActiveCfg = Debug|Any CPU
		{EAE0EBDA-94D8-4502-A424-46B2ACFC4489}.Debug|x86.Build.0 = Debug|Any CPU
		{EAE0EBDA-94D8-4502-A424-46B2ACFC4489}.Release|Any CPU.ActiveCfg = Release|Any CPU
		{EAE0EBDA-94D8-4502-A424-46B2ACFC4489}.Release|Any CPU.Build.0 = Release|Any CPU
		{EAE0EBDA-94D8-4502-A424-46B2ACFC4489}.Release|x64.ActiveCfg = Release|Any CPU
		{EAE0EBDA-94D8-4502-A424-46B2ACFC4489}.Release|x64.Build.0 = Release|Any CPU
		{EAE0EBDA-94D8-4502-A424-46B2ACFC4489}.Release|x86.ActiveCfg = Release|Any CPU
		{EAE0EBDA-94D8-4502-A424-46B2ACFC4489}.Release|x86.Build.0 = Release|Any CPU
		{F217E7FD-1996-4CA7-877C-EF84D10A5B9F}.Debug|Any CPU.ActiveCfg = Debug|Any CPU
		{F217E7FD-1996-4CA7-877C-EF84D10A5B9F}.Debug|Any CPU.Build.0 = Debug|Any CPU
		{F217E7FD-1996-4CA7-877C-EF84D10A5B9F}.Debug|x64.ActiveCfg = Debug|Any CPU
		{F217E7FD-1996-4CA7-877C-EF84D10A5B9F}.Debug|x64.Build.0 = Debug|Any CPU
		{F217E7FD-1996-4CA7-877C-EF84D10A5B9F}.Debug|x86.ActiveCfg = Debug|Any CPU
		{F217E7FD-1996-4CA7-877C-EF84D10A5B9F}.Debug|x86.Build.0 = Debug|Any CPU
		{F217E7FD-1996-4CA7-877C-EF84D10A5B9F}.Release|Any CPU.ActiveCfg = Release|Any CPU
		{F217E7FD-1996-4CA7-877C-EF84D10A5B9F}.Release|Any CPU.Build.0 = Release|Any CPU
		{F217E7FD-1996-4CA7-877C-EF84D10A5B9F}.Release|x64.ActiveCfg = Release|Any CPU
		{F217E7FD-1996-4CA7-877C-EF84D10A5B9F}.Release|x64.Build.0 = Release|Any CPU
		{F217E7FD-1996-4CA7-877C-EF84D10A5B9F}.Release|x86.ActiveCfg = Release|Any CPU
		{F217E7FD-1996-4CA7-877C-EF84D10A5B9F}.Release|x86.Build.0 = Release|Any CPU
		{4664DA46-6474-4A2C-971E-CA5A4CFEF12C}.Debug|Any CPU.ActiveCfg = Debug|Any CPU
		{4664DA46-6474-4A2C-971E-CA5A4CFEF12C}.Debug|Any CPU.Build.0 = Debug|Any CPU
		{4664DA46-6474-4A2C-971E-CA5A4CFEF12C}.Debug|x64.ActiveCfg = Debug|Any CPU
		{4664DA46-6474-4A2C-971E-CA5A4CFEF12C}.Debug|x64.Build.0 = Debug|Any CPU
		{4664DA46-6474-4A2C-971E-CA5A4CFEF12C}.Debug|x86.ActiveCfg = Debug|Any CPU
		{4664DA46-6474-4A2C-971E-CA5A4CFEF12C}.Debug|x86.Build.0 = Debug|Any CPU
		{4664DA46-6474-4A2C-971E-CA5A4CFEF12C}.Release|Any CPU.ActiveCfg = Release|Any CPU
		{4664DA46-6474-4A2C-971E-CA5A4CFEF12C}.Release|Any CPU.Build.0 = Release|Any CPU
		{4664DA46-6474-4A2C-971E-CA5A4CFEF12C}.Release|x64.ActiveCfg = Release|Any CPU
		{4664DA46-6474-4A2C-971E-CA5A4CFEF12C}.Release|x64.Build.0 = Release|Any CPU
		{4664DA46-6474-4A2C-971E-CA5A4CFEF12C}.Release|x86.ActiveCfg = Release|Any CPU
		{4664DA46-6474-4A2C-971E-CA5A4CFEF12C}.Release|x86.Build.0 = Release|Any CPU
		{12067FAE-27E3-4B72-9860-CBF0EC2BBF5C}.Debug|Any CPU.ActiveCfg = Debug|Any CPU
		{12067FAE-27E3-4B72-9860-CBF0EC2BBF5C}.Debug|Any CPU.Build.0 = Debug|Any CPU
		{12067FAE-27E3-4B72-9860-CBF0EC2BBF5C}.Debug|x64.ActiveCfg = Debug|Any CPU
		{12067FAE-27E3-4B72-9860-CBF0EC2BBF5C}.Debug|x64.Build.0 = Debug|Any CPU
		{12067FAE-27E3-4B72-9860-CBF0EC2BBF5C}.Debug|x86.ActiveCfg = Debug|Any CPU
		{12067FAE-27E3-4B72-9860-CBF0EC2BBF5C}.Debug|x86.Build.0 = Debug|Any CPU
		{12067FAE-27E3-4B72-9860-CBF0EC2BBF5C}.Release|Any CPU.ActiveCfg = Release|Any CPU
		{12067FAE-27E3-4B72-9860-CBF0EC2BBF5C}.Release|Any CPU.Build.0 = Release|Any CPU
		{12067FAE-27E3-4B72-9860-CBF0EC2BBF5C}.Release|x64.ActiveCfg = Release|Any CPU
		{12067FAE-27E3-4B72-9860-CBF0EC2BBF5C}.Release|x64.Build.0 = Release|Any CPU
		{12067FAE-27E3-4B72-9860-CBF0EC2BBF5C}.Release|x86.ActiveCfg = Release|Any CPU
		{12067FAE-27E3-4B72-9860-CBF0EC2BBF5C}.Release|x86.Build.0 = Release|Any CPU
		{5F00A05A-403E-4F42-AEC6-7EB9175193C6}.Debug|Any CPU.ActiveCfg = Debug|Any CPU
		{5F00A05A-403E-4F42-AEC6-7EB9175193C6}.Debug|Any CPU.Build.0 = Debug|Any CPU
		{5F00A05A-403E-4F42-AEC6-7EB9175193C6}.Debug|x64.ActiveCfg = Debug|Any CPU
		{5F00A05A-403E-4F42-AEC6-7EB9175193C6}.Debug|x64.Build.0 = Debug|Any CPU
		{5F00A05A-403E-4F42-AEC6-7EB9175193C6}.Debug|x86.ActiveCfg = Debug|Any CPU
		{5F00A05A-403E-4F42-AEC6-7EB9175193C6}.Debug|x86.Build.0 = Debug|Any CPU
		{5F00A05A-403E-4F42-AEC6-7EB9175193C6}.Release|Any CPU.ActiveCfg = Release|Any CPU
		{5F00A05A-403E-4F42-AEC6-7EB9175193C6}.Release|Any CPU.Build.0 = Release|Any CPU
		{5F00A05A-403E-4F42-AEC6-7EB9175193C6}.Release|x64.ActiveCfg = Release|Any CPU
		{5F00A05A-403E-4F42-AEC6-7EB9175193C6}.Release|x64.Build.0 = Release|Any CPU
		{5F00A05A-403E-4F42-AEC6-7EB9175193C6}.Release|x86.ActiveCfg = Release|Any CPU
		{5F00A05A-403E-4F42-AEC6-7EB9175193C6}.Release|x86.Build.0 = Release|Any CPU
		{AFE44A58-919E-41BA-9020-C5A5EBC78699}.Debug|Any CPU.ActiveCfg = Debug|Any CPU
		{AFE44A58-919E-41BA-9020-C5A5EBC78699}.Debug|Any CPU.Build.0 = Debug|Any CPU
		{AFE44A58-919E-41BA-9020-C5A5EBC78699}.Debug|x64.ActiveCfg = Debug|Any CPU
		{AFE44A58-919E-41BA-9020-C5A5EBC78699}.Debug|x64.Build.0 = Debug|Any CPU
		{AFE44A58-919E-41BA-9020-C5A5EBC78699}.Debug|x86.ActiveCfg = Debug|Any CPU
		{AFE44A58-919E-41BA-9020-C5A5EBC78699}.Debug|x86.Build.0 = Debug|Any CPU
		{AFE44A58-919E-41BA-9020-C5A5EBC78699}.Release|Any CPU.ActiveCfg = Release|Any CPU
		{AFE44A58-919E-41BA-9020-C5A5EBC78699}.Release|Any CPU.Build.0 = Release|Any CPU
		{AFE44A58-919E-41BA-9020-C5A5EBC78699}.Release|x64.ActiveCfg = Release|Any CPU
		{AFE44A58-919E-41BA-9020-C5A5EBC78699}.Release|x64.Build.0 = Release|Any CPU
		{AFE44A58-919E-41BA-9020-C5A5EBC78699}.Release|x86.ActiveCfg = Release|Any CPU
		{AFE44A58-919E-41BA-9020-C5A5EBC78699}.Release|x86.Build.0 = Release|Any CPU
		{24CE2086-CC9E-48F3-8A9A-5593D27839BA}.Debug|Any CPU.ActiveCfg = Debug|Any CPU
		{24CE2086-CC9E-48F3-8A9A-5593D27839BA}.Debug|Any CPU.Build.0 = Debug|Any CPU
		{24CE2086-CC9E-48F3-8A9A-5593D27839BA}.Debug|x64.ActiveCfg = Debug|Any CPU
		{24CE2086-CC9E-48F3-8A9A-5593D27839BA}.Debug|x64.Build.0 = Debug|Any CPU
		{24CE2086-CC9E-48F3-8A9A-5593D27839BA}.Debug|x86.ActiveCfg = Debug|Any CPU
		{24CE2086-CC9E-48F3-8A9A-5593D27839BA}.Debug|x86.Build.0 = Debug|Any CPU
		{24CE2086-CC9E-48F3-8A9A-5593D27839BA}.Release|Any CPU.ActiveCfg = Release|Any CPU
		{24CE2086-CC9E-48F3-8A9A-5593D27839BA}.Release|Any CPU.Build.0 = Release|Any CPU
		{24CE2086-CC9E-48F3-8A9A-5593D27839BA}.Release|x64.ActiveCfg = Release|Any CPU
		{24CE2086-CC9E-48F3-8A9A-5593D27839BA}.Release|x64.Build.0 = Release|Any CPU
		{24CE2086-CC9E-48F3-8A9A-5593D27839BA}.Release|x86.ActiveCfg = Release|Any CPU
		{24CE2086-CC9E-48F3-8A9A-5593D27839BA}.Release|x86.Build.0 = Release|Any CPU
		{08AF5F41-BA1C-411E-A815-A769AB27E088}.Debug|Any CPU.ActiveCfg = Debug|Any CPU
		{08AF5F41-BA1C-411E-A815-A769AB27E088}.Debug|Any CPU.Build.0 = Debug|Any CPU
		{08AF5F41-BA1C-411E-A815-A769AB27E088}.Debug|x64.ActiveCfg = Debug|Any CPU
		{08AF5F41-BA1C-411E-A815-A769AB27E088}.Debug|x64.Build.0 = Debug|Any CPU
		{08AF5F41-BA1C-411E-A815-A769AB27E088}.Debug|x86.ActiveCfg = Debug|Any CPU
		{08AF5F41-BA1C-411E-A815-A769AB27E088}.Debug|x86.Build.0 = Debug|Any CPU
		{08AF5F41-BA1C-411E-A815-A769AB27E088}.Release|Any CPU.ActiveCfg = Release|Any CPU
		{08AF5F41-BA1C-411E-A815-A769AB27E088}.Release|Any CPU.Build.0 = Release|Any CPU
		{08AF5F41-BA1C-411E-A815-A769AB27E088}.Release|x64.ActiveCfg = Release|Any CPU
		{08AF5F41-BA1C-411E-A815-A769AB27E088}.Release|x64.Build.0 = Release|Any CPU
		{08AF5F41-BA1C-411E-A815-A769AB27E088}.Release|x86.ActiveCfg = Release|Any CPU
		{08AF5F41-BA1C-411E-A815-A769AB27E088}.Release|x86.Build.0 = Release|Any CPU
		{4803EBD7-7465-4E65-BFAD-F469760F274B}.Debug|Any CPU.ActiveCfg = Debug|Any CPU
		{4803EBD7-7465-4E65-BFAD-F469760F274B}.Debug|Any CPU.Build.0 = Debug|Any CPU
		{4803EBD7-7465-4E65-BFAD-F469760F274B}.Debug|x64.ActiveCfg = Debug|Any CPU
		{4803EBD7-7465-4E65-BFAD-F469760F274B}.Debug|x64.Build.0 = Debug|Any CPU
		{4803EBD7-7465-4E65-BFAD-F469760F274B}.Debug|x86.ActiveCfg = Debug|Any CPU
		{4803EBD7-7465-4E65-BFAD-F469760F274B}.Debug|x86.Build.0 = Debug|Any CPU
		{4803EBD7-7465-4E65-BFAD-F469760F274B}.Release|Any CPU.ActiveCfg = Release|Any CPU
		{4803EBD7-7465-4E65-BFAD-F469760F274B}.Release|Any CPU.Build.0 = Release|Any CPU
		{4803EBD7-7465-4E65-BFAD-F469760F274B}.Release|x64.ActiveCfg = Release|Any CPU
		{4803EBD7-7465-4E65-BFAD-F469760F274B}.Release|x64.Build.0 = Release|Any CPU
		{4803EBD7-7465-4E65-BFAD-F469760F274B}.Release|x86.ActiveCfg = Release|Any CPU
		{4803EBD7-7465-4E65-BFAD-F469760F274B}.Release|x86.Build.0 = Release|Any CPU
		{24D432E9-09E4-4B26-AFE2-1A87E20CEB4A}.Debug|Any CPU.ActiveCfg = Debug|Any CPU
		{24D432E9-09E4-4B26-AFE2-1A87E20CEB4A}.Debug|Any CPU.Build.0 = Debug|Any CPU
		{24D432E9-09E4-4B26-AFE2-1A87E20CEB4A}.Debug|x64.ActiveCfg = Debug|Any CPU
		{24D432E9-09E4-4B26-AFE2-1A87E20CEB4A}.Debug|x64.Build.0 = Debug|Any CPU
		{24D432E9-09E4-4B26-AFE2-1A87E20CEB4A}.Debug|x86.ActiveCfg = Debug|Any CPU
		{24D432E9-09E4-4B26-AFE2-1A87E20CEB4A}.Debug|x86.Build.0 = Debug|Any CPU
		{24D432E9-09E4-4B26-AFE2-1A87E20CEB4A}.Release|Any CPU.ActiveCfg = Release|Any CPU
		{24D432E9-09E4-4B26-AFE2-1A87E20CEB4A}.Release|Any CPU.Build.0 = Release|Any CPU
		{24D432E9-09E4-4B26-AFE2-1A87E20CEB4A}.Release|x64.ActiveCfg = Release|Any CPU
		{24D432E9-09E4-4B26-AFE2-1A87E20CEB4A}.Release|x64.Build.0 = Release|Any CPU
		{24D432E9-09E4-4B26-AFE2-1A87E20CEB4A}.Release|x86.ActiveCfg = Release|Any CPU
		{24D432E9-09E4-4B26-AFE2-1A87E20CEB4A}.Release|x86.Build.0 = Release|Any CPU
		{7C9816B7-9DF6-4C22-B8B8-D8EEC8BFA667}.Debug|Any CPU.ActiveCfg = Debug|Any CPU
		{7C9816B7-9DF6-4C22-B8B8-D8EEC8BFA667}.Debug|Any CPU.Build.0 = Debug|Any CPU
		{7C9816B7-9DF6-4C22-B8B8-D8EEC8BFA667}.Debug|x64.ActiveCfg = Debug|Any CPU
		{7C9816B7-9DF6-4C22-B8B8-D8EEC8BFA667}.Debug|x64.Build.0 = Debug|Any CPU
		{7C9816B7-9DF6-4C22-B8B8-D8EEC8BFA667}.Debug|x86.ActiveCfg = Debug|Any CPU
		{7C9816B7-9DF6-4C22-B8B8-D8EEC8BFA667}.Debug|x86.Build.0 = Debug|Any CPU
		{7C9816B7-9DF6-4C22-B8B8-D8EEC8BFA667}.Release|Any CPU.ActiveCfg = Release|Any CPU
		{7C9816B7-9DF6-4C22-B8B8-D8EEC8BFA667}.Release|Any CPU.Build.0 = Release|Any CPU
		{7C9816B7-9DF6-4C22-B8B8-D8EEC8BFA667}.Release|x64.ActiveCfg = Release|Any CPU
		{7C9816B7-9DF6-4C22-B8B8-D8EEC8BFA667}.Release|x64.Build.0 = Release|Any CPU
		{7C9816B7-9DF6-4C22-B8B8-D8EEC8BFA667}.Release|x86.ActiveCfg = Release|Any CPU
		{7C9816B7-9DF6-4C22-B8B8-D8EEC8BFA667}.Release|x86.Build.0 = Release|Any CPU
		{485A628D-5FEC-4AAD-BFCE-230227FD404B}.Debug|Any CPU.ActiveCfg = Debug|Any CPU
		{485A628D-5FEC-4AAD-BFCE-230227FD404B}.Debug|Any CPU.Build.0 = Debug|Any CPU
		{485A628D-5FEC-4AAD-BFCE-230227FD404B}.Debug|x64.ActiveCfg = Debug|Any CPU
		{485A628D-5FEC-4AAD-BFCE-230227FD404B}.Debug|x64.Build.0 = Debug|Any CPU
		{485A628D-5FEC-4AAD-BFCE-230227FD404B}.Debug|x86.ActiveCfg = Debug|Any CPU
		{485A628D-5FEC-4AAD-BFCE-230227FD404B}.Debug|x86.Build.0 = Debug|Any CPU
		{485A628D-5FEC-4AAD-BFCE-230227FD404B}.Release|Any CPU.ActiveCfg = Release|Any CPU
		{485A628D-5FEC-4AAD-BFCE-230227FD404B}.Release|Any CPU.Build.0 = Release|Any CPU
		{485A628D-5FEC-4AAD-BFCE-230227FD404B}.Release|x64.ActiveCfg = Release|Any CPU
		{485A628D-5FEC-4AAD-BFCE-230227FD404B}.Release|x64.Build.0 = Release|Any CPU
		{485A628D-5FEC-4AAD-BFCE-230227FD404B}.Release|x86.ActiveCfg = Release|Any CPU
		{485A628D-5FEC-4AAD-BFCE-230227FD404B}.Release|x86.Build.0 = Release|Any CPU
		{A10AC6BD-3FE8-4B0E-8B7F-74DB27C2C8FF}.Debug|Any CPU.ActiveCfg = Debug|Any CPU
		{A10AC6BD-3FE8-4B0E-8B7F-74DB27C2C8FF}.Debug|Any CPU.Build.0 = Debug|Any CPU
		{A10AC6BD-3FE8-4B0E-8B7F-74DB27C2C8FF}.Debug|x64.ActiveCfg = Debug|Any CPU
		{A10AC6BD-3FE8-4B0E-8B7F-74DB27C2C8FF}.Debug|x64.Build.0 = Debug|Any CPU
		{A10AC6BD-3FE8-4B0E-8B7F-74DB27C2C8FF}.Debug|x86.ActiveCfg = Debug|Any CPU
		{A10AC6BD-3FE8-4B0E-8B7F-74DB27C2C8FF}.Debug|x86.Build.0 = Debug|Any CPU
		{A10AC6BD-3FE8-4B0E-8B7F-74DB27C2C8FF}.Release|Any CPU.ActiveCfg = Release|Any CPU
		{A10AC6BD-3FE8-4B0E-8B7F-74DB27C2C8FF}.Release|Any CPU.Build.0 = Release|Any CPU
		{A10AC6BD-3FE8-4B0E-8B7F-74DB27C2C8FF}.Release|x64.ActiveCfg = Release|Any CPU
		{A10AC6BD-3FE8-4B0E-8B7F-74DB27C2C8FF}.Release|x64.Build.0 = Release|Any CPU
		{A10AC6BD-3FE8-4B0E-8B7F-74DB27C2C8FF}.Release|x86.ActiveCfg = Release|Any CPU
		{A10AC6BD-3FE8-4B0E-8B7F-74DB27C2C8FF}.Release|x86.Build.0 = Release|Any CPU
		{2E611A35-0285-4FA0-984A-C23DC2021857}.Debug|Any CPU.ActiveCfg = Debug|Any CPU
		{2E611A35-0285-4FA0-984A-C23DC2021857}.Debug|Any CPU.Build.0 = Debug|Any CPU
		{2E611A35-0285-4FA0-984A-C23DC2021857}.Debug|x64.ActiveCfg = Debug|Any CPU
		{2E611A35-0285-4FA0-984A-C23DC2021857}.Debug|x64.Build.0 = Debug|Any CPU
		{2E611A35-0285-4FA0-984A-C23DC2021857}.Debug|x86.ActiveCfg = Debug|Any CPU
		{2E611A35-0285-4FA0-984A-C23DC2021857}.Debug|x86.Build.0 = Debug|Any CPU
		{2E611A35-0285-4FA0-984A-C23DC2021857}.Release|Any CPU.ActiveCfg = Release|Any CPU
		{2E611A35-0285-4FA0-984A-C23DC2021857}.Release|Any CPU.Build.0 = Release|Any CPU
		{2E611A35-0285-4FA0-984A-C23DC2021857}.Release|x64.ActiveCfg = Release|Any CPU
		{2E611A35-0285-4FA0-984A-C23DC2021857}.Release|x64.Build.0 = Release|Any CPU
		{2E611A35-0285-4FA0-984A-C23DC2021857}.Release|x86.ActiveCfg = Release|Any CPU
		{2E611A35-0285-4FA0-984A-C23DC2021857}.Release|x86.Build.0 = Release|Any CPU
		{732740D2-063A-4693-B2A1-C1C71EDCFC08}.Debug|Any CPU.ActiveCfg = Debug|Any CPU
		{732740D2-063A-4693-B2A1-C1C71EDCFC08}.Debug|Any CPU.Build.0 = Debug|Any CPU
		{732740D2-063A-4693-B2A1-C1C71EDCFC08}.Debug|x64.ActiveCfg = Debug|Any CPU
		{732740D2-063A-4693-B2A1-C1C71EDCFC08}.Debug|x64.Build.0 = Debug|Any CPU
		{732740D2-063A-4693-B2A1-C1C71EDCFC08}.Debug|x86.ActiveCfg = Debug|Any CPU
		{732740D2-063A-4693-B2A1-C1C71EDCFC08}.Debug|x86.Build.0 = Debug|Any CPU
		{732740D2-063A-4693-B2A1-C1C71EDCFC08}.Release|Any CPU.ActiveCfg = Release|Any CPU
		{732740D2-063A-4693-B2A1-C1C71EDCFC08}.Release|Any CPU.Build.0 = Release|Any CPU
		{732740D2-063A-4693-B2A1-C1C71EDCFC08}.Release|x64.ActiveCfg = Release|Any CPU
		{732740D2-063A-4693-B2A1-C1C71EDCFC08}.Release|x64.Build.0 = Release|Any CPU
		{732740D2-063A-4693-B2A1-C1C71EDCFC08}.Release|x86.ActiveCfg = Release|Any CPU
		{732740D2-063A-4693-B2A1-C1C71EDCFC08}.Release|x86.Build.0 = Release|Any CPU
	EndGlobalSection
	GlobalSection(NestedProjects) = preSolution
		{91F0640D-9CCF-46A0-987E-2189187DF790} = {69CE647F-A1C8-4C5C-B864-9C5E0C78E5DD}
		{DD3B1E08-129A-4948-B006-E25356AD8BEB} = {69CE647F-A1C8-4C5C-B864-9C5E0C78E5DD}
		{12E7C18A-6CDD-4F74-8CB0-0A21C77A64D3} = {69CE647F-A1C8-4C5C-B864-9C5E0C78E5DD}
		{878A7271-072B-4914-9010-D8E616DB2DC3} = {69CE647F-A1C8-4C5C-B864-9C5E0C78E5DD}
		{4BB60053-A50F-4A87-AE0F-B5EFC6ECD86F} = {69CE647F-A1C8-4C5C-B864-9C5E0C78E5DD}
		{14202201-1BC3-40AD-98DB-80816B5F9477} = {69CE647F-A1C8-4C5C-B864-9C5E0C78E5DD}
		{5143F742-4A54-4C8F-A9DD-3C217BDC146A} = {69CE647F-A1C8-4C5C-B864-9C5E0C78E5DD}
		{8FDDF16F-3874-4AA1-B921-C26A4E6406DE} = {69CE647F-A1C8-4C5C-B864-9C5E0C78E5DD}
		{961D73F9-CB85-4ABD-BA0A-98EBCA2A965E} = {69CE647F-A1C8-4C5C-B864-9C5E0C78E5DD}
		{0147A993-FE92-4C40-B4EB-924F5344E31B} = {69CE647F-A1C8-4C5C-B864-9C5E0C78E5DD}
		{6FF755E7-1668-45A7-AD2F-0164FC4D356C} = {69CE647F-A1C8-4C5C-B864-9C5E0C78E5DD}
		{787BB7C5-DEC7-441C-8C34-9CB2EDD2B0D8} = {69CE647F-A1C8-4C5C-B864-9C5E0C78E5DD}
		{4C08BD91-AC79-4844-98E0-07A5D4D58047} = {69CE647F-A1C8-4C5C-B864-9C5E0C78E5DD}
		{5FE02156-B7AC-435E-BEA4-3B201818FFF9} = {69CE647F-A1C8-4C5C-B864-9C5E0C78E5DD}
		{B6910C39-8000-4F30-B8D1-311C2FE79DF9} = {69CE647F-A1C8-4C5C-B864-9C5E0C78E5DD}
		{F636557C-8496-44EB-9E6A-D31A4418595B} = {69CE647F-A1C8-4C5C-B864-9C5E0C78E5DD}
		{F6052419-DF72-4722-A82D-C813663AA41D} = {69CE647F-A1C8-4C5C-B864-9C5E0C78E5DD}
		{150466DF-4865-4968-92B8-E28630B7AF05} = {69CE647F-A1C8-4C5C-B864-9C5E0C78E5DD}
		{7227ED36-1EE0-4E9B-8330-6014E1CAF072} = {69CE647F-A1C8-4C5C-B864-9C5E0C78E5DD}
		{C4044F96-79EB-4BE5-9D6B-64538026C32F} = {69CE647F-A1C8-4C5C-B864-9C5E0C78E5DD}
		{A7BBE6A1-6346-486C-9638-1A1FA8CF33DF} = {69CE647F-A1C8-4C5C-B864-9C5E0C78E5DD}
		{A9D31975-0403-413D-A9DC-B18878D370CE} = {69CE647F-A1C8-4C5C-B864-9C5E0C78E5DD}
		{B9C1B06F-BA49-4346-A202-568622BCFB90} = {69CE647F-A1C8-4C5C-B864-9C5E0C78E5DD}
		{F4D26AD0-9633-45DF-B8F2-3263781ADB54} = {69CE647F-A1C8-4C5C-B864-9C5E0C78E5DD}
		{43B0A7E0-FF4C-42A8-BDC9-80985617DBFC} = {69CE647F-A1C8-4C5C-B864-9C5E0C78E5DD}
		{042890CF-B0E4-49E9-ABB1-0BA67F76D678} = {69CE647F-A1C8-4C5C-B864-9C5E0C78E5DD}
		{34D0452E-407D-475A-AE82-1CD4A9292911} = {69CE647F-A1C8-4C5C-B864-9C5E0C78E5DD}
		{6E36B171-39ED-4A8D-A5F3-9C82C47CDA65} = {69CE647F-A1C8-4C5C-B864-9C5E0C78E5DD}
		{F99D7D97-446C-44E9-BB36-7512B408F10C} = {69CE647F-A1C8-4C5C-B864-9C5E0C78E5DD}
		{05BADE70-F24A-45C7-B371-152959966777} = {69CE647F-A1C8-4C5C-B864-9C5E0C78E5DD}
		{EB4D6373-A195-4D0D-A2E2-842D674495DC} = {69CE647F-A1C8-4C5C-B864-9C5E0C78E5DD}
		{F65C27D3-91AB-440F-BB13-D1302E645374} = {69CE647F-A1C8-4C5C-B864-9C5E0C78E5DD}
		{67CB6992-0044-44DC-A6FE-3181BF0D0A04} = {69CE647F-A1C8-4C5C-B864-9C5E0C78E5DD}
		{EC359013-DE93-469F-9179-8F68832A6896} = {69CE647F-A1C8-4C5C-B864-9C5E0C78E5DD}
		{A812FE6B-F25A-4207-9B0F-18E688C07B35} = {69CE647F-A1C8-4C5C-B864-9C5E0C78E5DD}
		{A91F3B46-B202-4484-BBB9-CA006C8F17BA} = {69CE647F-A1C8-4C5C-B864-9C5E0C78E5DD}
		{C6F129DA-7807-4914-B593-E12F4DC3F4B6} = {69CE647F-A1C8-4C5C-B864-9C5E0C78E5DD}
		{1A989D3E-44EA-4045-9927-62D159CC4528} = {69CE647F-A1C8-4C5C-B864-9C5E0C78E5DD}
		{55A39D38-2E56-42F3-9D51-A92B564FAFF7} = {69CE647F-A1C8-4C5C-B864-9C5E0C78E5DD}
		{0B0A9F6A-CECA-410E-B640-F0232F8EDDAF} = {69CE647F-A1C8-4C5C-B864-9C5E0C78E5DD}
		{2133C158-C79C-4F58-A8E9-82ABB89F889A} = {69CE647F-A1C8-4C5C-B864-9C5E0C78E5DD}
		{EF68283D-0C83-460F-8B66-1B3D5723F7ED} = {69CE647F-A1C8-4C5C-B864-9C5E0C78E5DD}
		{0BB6AF87-D519-473A-AFBE-3D06D2E97E8A} = {69CE647F-A1C8-4C5C-B864-9C5E0C78E5DD}
		{A8FA1018-A8B6-43AD-9003-BB9D09CA1690} = {69CE647F-A1C8-4C5C-B864-9C5E0C78E5DD}
		{188D7DA3-F4EC-4D0D-8B44-D0D951210946} = {69CE647F-A1C8-4C5C-B864-9C5E0C78E5DD}
		{A77EDAF6-C898-4369-94D4-A345C005C768} = {69CE647F-A1C8-4C5C-B864-9C5E0C78E5DD}
		{04250F95-E605-46C6-BAEF-C49AA1043172} = {69CE647F-A1C8-4C5C-B864-9C5E0C78E5DD}
		{66E734FB-5266-4832-A7C8-C0848DEDD535} = {69CE647F-A1C8-4C5C-B864-9C5E0C78E5DD}
		{33206850-46D5-40D1-B164-3B246280B3A1} = {69CE647F-A1C8-4C5C-B864-9C5E0C78E5DD}
		{4D8B52A4-5DAB-4945-A6BD-311E181256F6} = {69CE647F-A1C8-4C5C-B864-9C5E0C78E5DD}
		{629C527E-FFBC-4B74-9674-10D6A5E8FEC6} = {69CE647F-A1C8-4C5C-B864-9C5E0C78E5DD}
		{EAE0EBDA-94D8-4502-A424-46B2ACFC4489} = {69CE647F-A1C8-4C5C-B864-9C5E0C78E5DD}
		{F217E7FD-1996-4CA7-877C-EF84D10A5B9F} = {69CE647F-A1C8-4C5C-B864-9C5E0C78E5DD}
		{4664DA46-6474-4A2C-971E-CA5A4CFEF12C} = {69CE647F-A1C8-4C5C-B864-9C5E0C78E5DD}
		{12067FAE-27E3-4B72-9860-CBF0EC2BBF5C} = {69CE647F-A1C8-4C5C-B864-9C5E0C78E5DD}
		{5F00A05A-403E-4F42-AEC6-7EB9175193C6} = {69CE647F-A1C8-4C5C-B864-9C5E0C78E5DD}
		{AFE44A58-919E-41BA-9020-C5A5EBC78699} = {69CE647F-A1C8-4C5C-B864-9C5E0C78E5DD}
		{24CE2086-CC9E-48F3-8A9A-5593D27839BA} = {69CE647F-A1C8-4C5C-B864-9C5E0C78E5DD}
		{08AF5F41-BA1C-411E-A815-A769AB27E088} = {69CE647F-A1C8-4C5C-B864-9C5E0C78E5DD}
		{4803EBD7-7465-4E65-BFAD-F469760F274B} = {69CE647F-A1C8-4C5C-B864-9C5E0C78E5DD}
		{24D432E9-09E4-4B26-AFE2-1A87E20CEB4A} = {69CE647F-A1C8-4C5C-B864-9C5E0C78E5DD}
		{7C9816B7-9DF6-4C22-B8B8-D8EEC8BFA667} = {69CE647F-A1C8-4C5C-B864-9C5E0C78E5DD}
		{485A628D-5FEC-4AAD-BFCE-230227FD404B} = {69CE647F-A1C8-4C5C-B864-9C5E0C78E5DD}
		{A10AC6BD-3FE8-4B0E-8B7F-74DB27C2C8FF} = {69CE647F-A1C8-4C5C-B864-9C5E0C78E5DD}
		{2E611A35-0285-4FA0-984A-C23DC2021857} = {69CE647F-A1C8-4C5C-B864-9C5E0C78E5DD}
		{732740D2-063A-4693-B2A1-C1C71EDCFC08} = {69CE647F-A1C8-4C5C-B864-9C5E0C78E5DD}
	EndGlobalSection
EndGlobal
